
Microsoft Visual Studio Solution File, Format Version 12.00
# Visual Studio 14
VisualStudioVersion = 14.0.25420.1
MinimumVisualStudioVersion = 10.0.40219.1
Project("{8BC9CEB8-8B4A-11D0-8D11-00A0C91BC942}") = "Exercices_2.21", "Exercices_2.21\Exercices_2.21.vcxproj", "{B4395870-109F-49C7-84FB-E0AC2E123DE1}"
EndProject
Project("{8BC9CEB8-8B4A-11D0-8D11-00A0C91BC942}") = "Exercices_2.27", "Exercices_2.27\Exercices_2.27.vcxproj", "{738FA9A8-D64E-49F3-9252-2C529267873E}"
EndProject
Project("{8BC9CEB8-8B4A-11D0-8D11-00A0C91BC942}") = "Exercices_2.28", "Exercices_2.28\Exercices_2.28.vcxproj", "{64C539B1-F7DB-467F-9B27-2A8F4997ADF4}"
EndProject
Project("{8BC9CEB8-8B4A-11D0-8D11-00A0C91BC942}") = "_HelloWorld", "_HelloWorld\HelloWorld.vcxproj", "{760C5C38-FA5D-4FB7-97A7-90117D95A8AB}"
EndProject
Project("{8BC9CEB8-8B4A-11D0-8D11-00A0C91BC942}") = "_ShowNumbers", "_ShowNumbers\ShowNumbers.vcxproj", "{2B442E23-3054-477A-98CF-A878818508F7}"
EndProject
Project("{8BC9CEB8-8B4A-11D0-8D11-00A0C91BC942}") = "__Experimets__", "__Experimets__\__Experimets__.vcxproj", "{9EB757DC-4A18-463C-99FD-D4DAAC51AA8D}"
EndProject
Project("{8BC9CEB8-8B4A-11D0-8D11-00A0C91BC942}") = "GradeBookApp", "GradeBookApp\GradeBookApp.vcxproj", "{9C769CF1-8505-4646-AF3E-95AB59AB51D5}"
EndProject
Project("{8BC9CEB8-8B4A-11D0-8D11-00A0C91BC942}") = "_Exercices_Repetition", "Exercices_Repetition\Exercices_Repetition.vcxproj", "{D282183C-A573-4428-AB33-A93DD0816AAB}"
EndProject
Project("{8BC9CEB8-8B4A-11D0-8D11-00A0C91BC942}") = "Fig05_06", "Fig05_06\Fig05_06.vcxproj", "{D7E9CC52-4D78-4E2A-8557-8CC3408B5107}"
EndProject
Project("{8BC9CEB8-8B4A-11D0-8D11-00A0C91BC942}") = "Fig05_18", "Fig05_18\Fig05_18.vcxproj", "{304AE768-C7DF-4D51-8487-D0825EA6BC54}"
EndProject
Project("{8BC9CEB8-8B4A-11D0-8D11-00A0C91BC942}") = "EX4_1", "EX4_1\EX4_1.vcxproj", "{DB98BD19-616E-46EB-9A3F-C5F6D00C32D1}"
EndProject
Project("{8BC9CEB8-8B4A-11D0-8D11-00A0C91BC942}") = "EX4_2", "EX4_2\EX4_2.vcxproj", "{874C7541-BDDA-4CCE-8CAD-7CDEF97C2F17}"
EndProject
Project("{8BC9CEB8-8B4A-11D0-8D11-00A0C91BC942}") = "EX4_3", "EX4_3\EX4_3.vcxproj", "{FA46E715-5D8E-4DDC-B12B-C753790DFFF3}"
EndProject
Project("{8BC9CEB8-8B4A-11D0-8D11-00A0C91BC942}") = "EX4_4", "EX4_4\EX4_4.vcxproj", "{2CAAB23D-BFDE-4AAC-B7A3-D5C361A4AD2F}"
EndProject
Project("{8BC9CEB8-8B4A-11D0-8D11-00A0C91BC942}") = "EX4_5", "EX4_5\EX4_5.vcxproj", "{B104B5B5-4B57-42C0-9C01-B266D3600ADA}"
EndProject
Project("{8BC9CEB8-8B4A-11D0-8D11-00A0C91BC942}") = "EX4_6", "EX4_6\EX4_6.vcxproj", "{A177B88A-0704-4518-B15F-D4D8F5178EB4}"
EndProject
Project("{8BC9CEB8-8B4A-11D0-8D11-00A0C91BC942}") = "Exercices_5.2.a", "Exercices_5.2.a\Exercices_5.2.a.vcxproj", "{62C70E2E-9DF1-491E-9CF1-88E69D1B5AD6}"
EndProject
Project("{8BC9CEB8-8B4A-11D0-8D11-00A0C91BC942}") = "Exercices_5.2.b", "Exercices_5.2.b\Exercices_5.2.b.vcxproj", "{D127FAB5-2441-4F4E-836F-817257998B26}"
EndProject
Project("{8BC9CEB8-8B4A-11D0-8D11-00A0C91BC942}") = "Exercices_5.2.c", "Exercices_5.2.c\Exercices_5.2.c.vcxproj", "{A74BE485-A0E0-4209-8B3F-7D917E61BCB0}"
EndProject
Project("{8BC9CEB8-8B4A-11D0-8D11-00A0C91BC942}") = "Exercices_5.2.d", "Exercices_5.2.d\Exercices_5.2.d.vcxproj", "{C1687989-242C-4A8B-953E-30721730C2A9}"
EndProject
Project("{8BC9CEB8-8B4A-11D0-8D11-00A0C91BC942}") = "Exercices_5.18", "Exercices_5.18\Exercices_5.18.vcxproj", "{4060AA96-B3BE-4FFD-A1A9-5DE6431A52C8}"
EndProject
Project("{8BC9CEB8-8B4A-11D0-8D11-00A0C91BC942}") = "Exercices_5.19", "Exercices_5.19\Exercices_5.19.vcxproj", "{581FA902-2564-4DC0-A629-108FE683B499}"
EndProject
Project("{8BC9CEB8-8B4A-11D0-8D11-00A0C91BC942}") = "Exercices_5.22", "Exercices_5.22\Exercices_5.22.vcxproj", "{8C64A85A-E0DE-4CE4-BB75-D9D59279A00D}"
EndProject
Project("{8BC9CEB8-8B4A-11D0-8D11-00A0C91BC942}") = "_ChiffreRomain", "_ChiffreRomain\_ChiffreRomain.vcxproj", "{015A3B14-BCFA-4C75-8ED0-1757034EC4FE}"
EndProject
Global
	GlobalSection(SolutionConfigurationPlatforms) = preSolution
		Debug|Any CPU = Debug|Any CPU
		Debug|x64 = Debug|x64
		Debug|x86 = Debug|x86
		Release|Any CPU = Release|Any CPU
		Release|x64 = Release|x64
		Release|x86 = Release|x86
	EndGlobalSection
	GlobalSection(ProjectConfigurationPlatforms) = postSolution
		{B4395870-109F-49C7-84FB-E0AC2E123DE1}.Debug|Any CPU.ActiveCfg = Debug|Win32
		{B4395870-109F-49C7-84FB-E0AC2E123DE1}.Debug|x64.ActiveCfg = Debug|x64
		{B4395870-109F-49C7-84FB-E0AC2E123DE1}.Debug|x64.Build.0 = Debug|x64
		{B4395870-109F-49C7-84FB-E0AC2E123DE1}.Debug|x86.ActiveCfg = Debug|Win32
		{B4395870-109F-49C7-84FB-E0AC2E123DE1}.Debug|x86.Build.0 = Debug|Win32
		{B4395870-109F-49C7-84FB-E0AC2E123DE1}.Release|Any CPU.ActiveCfg = Release|Win32
		{B4395870-109F-49C7-84FB-E0AC2E123DE1}.Release|x64.ActiveCfg = Release|x64
		{B4395870-109F-49C7-84FB-E0AC2E123DE1}.Release|x64.Build.0 = Release|x64
		{B4395870-109F-49C7-84FB-E0AC2E123DE1}.Release|x86.ActiveCfg = Release|Win32
		{B4395870-109F-49C7-84FB-E0AC2E123DE1}.Release|x86.Build.0 = Release|Win32
		{738FA9A8-D64E-49F3-9252-2C529267873E}.Debug|Any CPU.ActiveCfg = Debug|Win32
		{738FA9A8-D64E-49F3-9252-2C529267873E}.Debug|x64.ActiveCfg = Debug|x64
		{738FA9A8-D64E-49F3-9252-2C529267873E}.Debug|x64.Build.0 = Debug|x64
		{738FA9A8-D64E-49F3-9252-2C529267873E}.Debug|x86.ActiveCfg = Debug|Win32
		{738FA9A8-D64E-49F3-9252-2C529267873E}.Debug|x86.Build.0 = Debug|Win32
		{738FA9A8-D64E-49F3-9252-2C529267873E}.Release|Any CPU.ActiveCfg = Release|Win32
		{738FA9A8-D64E-49F3-9252-2C529267873E}.Release|x64.ActiveCfg = Release|x64
		{738FA9A8-D64E-49F3-9252-2C529267873E}.Release|x64.Build.0 = Release|x64
		{738FA9A8-D64E-49F3-9252-2C529267873E}.Release|x86.ActiveCfg = Release|Win32
		{738FA9A8-D64E-49F3-9252-2C529267873E}.Release|x86.Build.0 = Release|Win32
		{64C539B1-F7DB-467F-9B27-2A8F4997ADF4}.Debug|Any CPU.ActiveCfg = Debug|Win32
		{64C539B1-F7DB-467F-9B27-2A8F4997ADF4}.Debug|x64.ActiveCfg = Debug|x64
		{64C539B1-F7DB-467F-9B27-2A8F4997ADF4}.Debug|x64.Build.0 = Debug|x64
		{64C539B1-F7DB-467F-9B27-2A8F4997ADF4}.Debug|x86.ActiveCfg = Debug|Win32
		{64C539B1-F7DB-467F-9B27-2A8F4997ADF4}.Debug|x86.Build.0 = Debug|Win32
		{64C539B1-F7DB-467F-9B27-2A8F4997ADF4}.Release|Any CPU.ActiveCfg = Release|Win32
		{64C539B1-F7DB-467F-9B27-2A8F4997ADF4}.Release|x64.ActiveCfg = Release|x64
		{64C539B1-F7DB-467F-9B27-2A8F4997ADF4}.Release|x64.Build.0 = Release|x64
		{64C539B1-F7DB-467F-9B27-2A8F4997ADF4}.Release|x86.ActiveCfg = Release|Win32
		{64C539B1-F7DB-467F-9B27-2A8F4997ADF4}.Release|x86.Build.0 = Release|Win32
		{760C5C38-FA5D-4FB7-97A7-90117D95A8AB}.Debug|Any CPU.ActiveCfg = Debug|Win32
		{760C5C38-FA5D-4FB7-97A7-90117D95A8AB}.Debug|x64.ActiveCfg = Debug|x64
		{760C5C38-FA5D-4FB7-97A7-90117D95A8AB}.Debug|x64.Build.0 = Debug|x64
		{760C5C38-FA5D-4FB7-97A7-90117D95A8AB}.Debug|x86.ActiveCfg = Debug|Win32
		{760C5C38-FA5D-4FB7-97A7-90117D95A8AB}.Debug|x86.Build.0 = Debug|Win32
		{760C5C38-FA5D-4FB7-97A7-90117D95A8AB}.Release|Any CPU.ActiveCfg = Release|Win32
		{760C5C38-FA5D-4FB7-97A7-90117D95A8AB}.Release|x64.ActiveCfg = Release|x64
		{760C5C38-FA5D-4FB7-97A7-90117D95A8AB}.Release|x64.Build.0 = Release|x64
		{760C5C38-FA5D-4FB7-97A7-90117D95A8AB}.Release|x86.ActiveCfg = Release|Win32
		{760C5C38-FA5D-4FB7-97A7-90117D95A8AB}.Release|x86.Build.0 = Release|Win32
		{2B442E23-3054-477A-98CF-A878818508F7}.Debug|Any CPU.ActiveCfg = Debug|Win32
		{2B442E23-3054-477A-98CF-A878818508F7}.Debug|x64.ActiveCfg = Debug|x64
		{2B442E23-3054-477A-98CF-A878818508F7}.Debug|x64.Build.0 = Debug|x64
		{2B442E23-3054-477A-98CF-A878818508F7}.Debug|x86.ActiveCfg = Debug|Win32
		{2B442E23-3054-477A-98CF-A878818508F7}.Debug|x86.Build.0 = Debug|Win32
		{2B442E23-3054-477A-98CF-A878818508F7}.Release|Any CPU.ActiveCfg = Release|Win32
		{2B442E23-3054-477A-98CF-A878818508F7}.Release|x64.ActiveCfg = Release|x64
		{2B442E23-3054-477A-98CF-A878818508F7}.Release|x64.Build.0 = Release|x64
		{2B442E23-3054-477A-98CF-A878818508F7}.Release|x86.ActiveCfg = Release|Win32
		{2B442E23-3054-477A-98CF-A878818508F7}.Release|x86.Build.0 = Release|Win32
		{9EB757DC-4A18-463C-99FD-D4DAAC51AA8D}.Debug|Any CPU.ActiveCfg = Debug|Win32
		{9EB757DC-4A18-463C-99FD-D4DAAC51AA8D}.Debug|x64.ActiveCfg = Debug|x64
		{9EB757DC-4A18-463C-99FD-D4DAAC51AA8D}.Debug|x64.Build.0 = Debug|x64
		{9EB757DC-4A18-463C-99FD-D4DAAC51AA8D}.Debug|x86.ActiveCfg = Debug|Win32
		{9EB757DC-4A18-463C-99FD-D4DAAC51AA8D}.Debug|x86.Build.0 = Debug|Win32
		{9EB757DC-4A18-463C-99FD-D4DAAC51AA8D}.Release|Any CPU.ActiveCfg = Release|Win32
		{9EB757DC-4A18-463C-99FD-D4DAAC51AA8D}.Release|x64.ActiveCfg = Release|x64
		{9EB757DC-4A18-463C-99FD-D4DAAC51AA8D}.Release|x64.Build.0 = Release|x64
		{9EB757DC-4A18-463C-99FD-D4DAAC51AA8D}.Release|x86.ActiveCfg = Release|Win32
		{9EB757DC-4A18-463C-99FD-D4DAAC51AA8D}.Release|x86.Build.0 = Release|Win32
		{9C769CF1-8505-4646-AF3E-95AB59AB51D5}.Debug|Any CPU.ActiveCfg = Debug|Win32
		{9C769CF1-8505-4646-AF3E-95AB59AB51D5}.Debug|x64.ActiveCfg = Debug|x64
		{9C769CF1-8505-4646-AF3E-95AB59AB51D5}.Debug|x64.Build.0 = Debug|x64
		{9C769CF1-8505-4646-AF3E-95AB59AB51D5}.Debug|x86.ActiveCfg = Debug|Win32
		{9C769CF1-8505-4646-AF3E-95AB59AB51D5}.Debug|x86.Build.0 = Debug|Win32
		{9C769CF1-8505-4646-AF3E-95AB59AB51D5}.Release|Any CPU.ActiveCfg = Release|Win32
		{9C769CF1-8505-4646-AF3E-95AB59AB51D5}.Release|x64.ActiveCfg = Release|x64
		{9C769CF1-8505-4646-AF3E-95AB59AB51D5}.Release|x64.Build.0 = Release|x64
		{9C769CF1-8505-4646-AF3E-95AB59AB51D5}.Release|x86.ActiveCfg = Release|Win32
		{9C769CF1-8505-4646-AF3E-95AB59AB51D5}.Release|x86.Build.0 = Release|Win32
		{D282183C-A573-4428-AB33-A93DD0816AAB}.Debug|Any CPU.ActiveCfg = Debug|Win32
		{D282183C-A573-4428-AB33-A93DD0816AAB}.Debug|x64.ActiveCfg = Debug|x64
		{D282183C-A573-4428-AB33-A93DD0816AAB}.Debug|x64.Build.0 = Debug|x64
		{D282183C-A573-4428-AB33-A93DD0816AAB}.Debug|x86.ActiveCfg = Debug|Win32
		{D282183C-A573-4428-AB33-A93DD0816AAB}.Debug|x86.Build.0 = Debug|Win32
		{D282183C-A573-4428-AB33-A93DD0816AAB}.Release|Any CPU.ActiveCfg = Release|Win32
		{D282183C-A573-4428-AB33-A93DD0816AAB}.Release|x64.ActiveCfg = Release|x64
		{D282183C-A573-4428-AB33-A93DD0816AAB}.Release|x64.Build.0 = Release|x64
		{D282183C-A573-4428-AB33-A93DD0816AAB}.Release|x86.ActiveCfg = Release|Win32
		{D282183C-A573-4428-AB33-A93DD0816AAB}.Release|x86.Build.0 = Release|Win32
		{D7E9CC52-4D78-4E2A-8557-8CC3408B5107}.Debug|Any CPU.ActiveCfg = Debug|Win32
		{D7E9CC52-4D78-4E2A-8557-8CC3408B5107}.Debug|x64.ActiveCfg = Debug|x64
		{D7E9CC52-4D78-4E2A-8557-8CC3408B5107}.Debug|x64.Build.0 = Debug|x64
		{D7E9CC52-4D78-4E2A-8557-8CC3408B5107}.Debug|x86.ActiveCfg = Debug|Win32
		{D7E9CC52-4D78-4E2A-8557-8CC3408B5107}.Debug|x86.Build.0 = Debug|Win32
		{D7E9CC52-4D78-4E2A-8557-8CC3408B5107}.Release|Any CPU.ActiveCfg = Release|Win32
		{D7E9CC52-4D78-4E2A-8557-8CC3408B5107}.Release|x64.ActiveCfg = Release|x64
		{D7E9CC52-4D78-4E2A-8557-8CC3408B5107}.Release|x64.Build.0 = Release|x64
		{D7E9CC52-4D78-4E2A-8557-8CC3408B5107}.Release|x86.ActiveCfg = Release|Win32
		{D7E9CC52-4D78-4E2A-8557-8CC3408B5107}.Release|x86.Build.0 = Release|Win32
		{304AE768-C7DF-4D51-8487-D0825EA6BC54}.Debug|Any CPU.ActiveCfg = Debug|Win32
		{304AE768-C7DF-4D51-8487-D0825EA6BC54}.Debug|x64.ActiveCfg = Debug|x64
		{304AE768-C7DF-4D51-8487-D0825EA6BC54}.Debug|x64.Build.0 = Debug|x64
		{304AE768-C7DF-4D51-8487-D0825EA6BC54}.Debug|x86.ActiveCfg = Debug|Win32
		{304AE768-C7DF-4D51-8487-D0825EA6BC54}.Debug|x86.Build.0 = Debug|Win32
		{304AE768-C7DF-4D51-8487-D0825EA6BC54}.Release|Any CPU.ActiveCfg = Release|Win32
		{304AE768-C7DF-4D51-8487-D0825EA6BC54}.Release|x64.ActiveCfg = Release|x64
		{304AE768-C7DF-4D51-8487-D0825EA6BC54}.Release|x64.Build.0 = Release|x64
		{304AE768-C7DF-4D51-8487-D0825EA6BC54}.Release|x86.ActiveCfg = Release|Win32
		{304AE768-C7DF-4D51-8487-D0825EA6BC54}.Release|x86.Build.0 = Release|Win32
		{DB98BD19-616E-46EB-9A3F-C5F6D00C32D1}.Debug|Any CPU.ActiveCfg = Debug|Win32
		{DB98BD19-616E-46EB-9A3F-C5F6D00C32D1}.Debug|x64.ActiveCfg = Debug|x64
		{DB98BD19-616E-46EB-9A3F-C5F6D00C32D1}.Debug|x64.Build.0 = Debug|x64
		{DB98BD19-616E-46EB-9A3F-C5F6D00C32D1}.Debug|x86.ActiveCfg = Debug|Win32
		{DB98BD19-616E-46EB-9A3F-C5F6D00C32D1}.Debug|x86.Build.0 = Debug|Win32
		{DB98BD19-616E-46EB-9A3F-C5F6D00C32D1}.Release|Any CPU.ActiveCfg = Release|Win32
		{DB98BD19-616E-46EB-9A3F-C5F6D00C32D1}.Release|x64.ActiveCfg = Release|x64
		{DB98BD19-616E-46EB-9A3F-C5F6D00C32D1}.Release|x64.Build.0 = Release|x64
		{DB98BD19-616E-46EB-9A3F-C5F6D00C32D1}.Release|x86.ActiveCfg = Release|Win32
		{DB98BD19-616E-46EB-9A3F-C5F6D00C32D1}.Release|x86.Build.0 = Release|Win32
		{874C7541-BDDA-4CCE-8CAD-7CDEF97C2F17}.Debug|Any CPU.ActiveCfg = Debug|Win32
		{874C7541-BDDA-4CCE-8CAD-7CDEF97C2F17}.Debug|x64.ActiveCfg = Debug|x64
		{874C7541-BDDA-4CCE-8CAD-7CDEF97C2F17}.Debug|x64.Build.0 = Debug|x64
		{874C7541-BDDA-4CCE-8CAD-7CDEF97C2F17}.Debug|x86.ActiveCfg = Debug|Win32
		{874C7541-BDDA-4CCE-8CAD-7CDEF97C2F17}.Debug|x86.Build.0 = Debug|Win32
		{874C7541-BDDA-4CCE-8CAD-7CDEF97C2F17}.Release|Any CPU.ActiveCfg = Release|Win32
		{874C7541-BDDA-4CCE-8CAD-7CDEF97C2F17}.Release|x64.ActiveCfg = Release|x64
		{874C7541-BDDA-4CCE-8CAD-7CDEF97C2F17}.Release|x64.Build.0 = Release|x64
		{874C7541-BDDA-4CCE-8CAD-7CDEF97C2F17}.Release|x86.ActiveCfg = Release|Win32
		{874C7541-BDDA-4CCE-8CAD-7CDEF97C2F17}.Release|x86.Build.0 = Release|Win32
		{FA46E715-5D8E-4DDC-B12B-C753790DFFF3}.Debug|Any CPU.ActiveCfg = Debug|Win32
		{FA46E715-5D8E-4DDC-B12B-C753790DFFF3}.Debug|x64.ActiveCfg = Debug|x64
		{FA46E715-5D8E-4DDC-B12B-C753790DFFF3}.Debug|x64.Build.0 = Debug|x64
		{FA46E715-5D8E-4DDC-B12B-C753790DFFF3}.Debug|x86.ActiveCfg = Debug|Win32
		{FA46E715-5D8E-4DDC-B12B-C753790DFFF3}.Debug|x86.Build.0 = Debug|Win32
		{FA46E715-5D8E-4DDC-B12B-C753790DFFF3}.Release|Any CPU.ActiveCfg = Release|Win32
		{FA46E715-5D8E-4DDC-B12B-C753790DFFF3}.Release|x64.ActiveCfg = Release|x64
		{FA46E715-5D8E-4DDC-B12B-C753790DFFF3}.Release|x64.Build.0 = Release|x64
		{FA46E715-5D8E-4DDC-B12B-C753790DFFF3}.Release|x86.ActiveCfg = Release|Win32
		{FA46E715-5D8E-4DDC-B12B-C753790DFFF3}.Release|x86.Build.0 = Release|Win32
		{2CAAB23D-BFDE-4AAC-B7A3-D5C361A4AD2F}.Debug|Any CPU.ActiveCfg = Debug|Win32
		{2CAAB23D-BFDE-4AAC-B7A3-D5C361A4AD2F}.Debug|x64.ActiveCfg = Debug|x64
		{2CAAB23D-BFDE-4AAC-B7A3-D5C361A4AD2F}.Debug|x64.Build.0 = Debug|x64
		{2CAAB23D-BFDE-4AAC-B7A3-D5C361A4AD2F}.Debug|x86.ActiveCfg = Debug|Win32
		{2CAAB23D-BFDE-4AAC-B7A3-D5C361A4AD2F}.Debug|x86.Build.0 = Debug|Win32
		{2CAAB23D-BFDE-4AAC-B7A3-D5C361A4AD2F}.Release|Any CPU.ActiveCfg = Release|Win32
		{2CAAB23D-BFDE-4AAC-B7A3-D5C361A4AD2F}.Release|x64.ActiveCfg = Release|x64
		{2CAAB23D-BFDE-4AAC-B7A3-D5C361A4AD2F}.Release|x64.Build.0 = Release|x64
		{2CAAB23D-BFDE-4AAC-B7A3-D5C361A4AD2F}.Release|x86.ActiveCfg = Release|Win32
		{2CAAB23D-BFDE-4AAC-B7A3-D5C361A4AD2F}.Release|x86.Build.0 = Release|Win32
		{B104B5B5-4B57-42C0-9C01-B266D3600ADA}.Debug|Any CPU.ActiveCfg = Debug|Win32
		{B104B5B5-4B57-42C0-9C01-B266D3600ADA}.Debug|x64.ActiveCfg = Debug|x64
		{B104B5B5-4B57-42C0-9C01-B266D3600ADA}.Debug|x64.Build.0 = Debug|x64
		{B104B5B5-4B57-42C0-9C01-B266D3600ADA}.Debug|x86.ActiveCfg = Debug|Win32
		{B104B5B5-4B57-42C0-9C01-B266D3600ADA}.Debug|x86.Build.0 = Debug|Win32
		{B104B5B5-4B57-42C0-9C01-B266D3600ADA}.Release|Any CPU.ActiveCfg = Release|Win32
		{B104B5B5-4B57-42C0-9C01-B266D3600ADA}.Release|x64.ActiveCfg = Release|x64
		{B104B5B5-4B57-42C0-9C01-B266D3600ADA}.Release|x64.Build.0 = Release|x64
		{B104B5B5-4B57-42C0-9C01-B266D3600ADA}.Release|x86.ActiveCfg = Release|Win32
		{B104B5B5-4B57-42C0-9C01-B266D3600ADA}.Release|x86.Build.0 = Release|Win32
		{A177B88A-0704-4518-B15F-D4D8F5178EB4}.Debug|Any CPU.ActiveCfg = Debug|Win32
		{A177B88A-0704-4518-B15F-D4D8F5178EB4}.Debug|x64.ActiveCfg = Debug|x64
		{A177B88A-0704-4518-B15F-D4D8F5178EB4}.Debug|x64.Build.0 = Debug|x64
		{A177B88A-0704-4518-B15F-D4D8F5178EB4}.Debug|x86.ActiveCfg = Debug|Win32
		{A177B88A-0704-4518-B15F-D4D8F5178EB4}.Debug|x86.Build.0 = Debug|Win32
		{A177B88A-0704-4518-B15F-D4D8F5178EB4}.Release|Any CPU.ActiveCfg = Release|Win32
		{A177B88A-0704-4518-B15F-D4D8F5178EB4}.Release|x64.ActiveCfg = Release|x64
		{A177B88A-0704-4518-B15F-D4D8F5178EB4}.Release|x64.Build.0 = Release|x64
		{A177B88A-0704-4518-B15F-D4D8F5178EB4}.Release|x86.ActiveCfg = Release|Win32
		{A177B88A-0704-4518-B15F-D4D8F5178EB4}.Release|x86.Build.0 = Release|Win32
		{62C70E2E-9DF1-491E-9CF1-88E69D1B5AD6}.Debug|Any CPU.ActiveCfg = Debug|Win32
		{62C70E2E-9DF1-491E-9CF1-88E69D1B5AD6}.Debug|x64.ActiveCfg = Debug|x64
		{62C70E2E-9DF1-491E-9CF1-88E69D1B5AD6}.Debug|x64.Build.0 = Debug|x64
		{62C70E2E-9DF1-491E-9CF1-88E69D1B5AD6}.Debug|x86.ActiveCfg = Debug|Win32
		{62C70E2E-9DF1-491E-9CF1-88E69D1B5AD6}.Debug|x86.Build.0 = Debug|Win32
		{62C70E2E-9DF1-491E-9CF1-88E69D1B5AD6}.Release|Any CPU.ActiveCfg = Release|Win32
		{62C70E2E-9DF1-491E-9CF1-88E69D1B5AD6}.Release|x64.ActiveCfg = Release|x64
		{62C70E2E-9DF1-491E-9CF1-88E69D1B5AD6}.Release|x64.Build.0 = Release|x64
		{62C70E2E-9DF1-491E-9CF1-88E69D1B5AD6}.Release|x86.ActiveCfg = Release|Win32
		{62C70E2E-9DF1-491E-9CF1-88E69D1B5AD6}.Release|x86.Build.0 = Release|Win32
		{D127FAB5-2441-4F4E-836F-817257998B26}.Debug|Any CPU.ActiveCfg = Debug|Win32
		{D127FAB5-2441-4F4E-836F-817257998B26}.Debug|x64.ActiveCfg = Debug|x64
		{D127FAB5-2441-4F4E-836F-817257998B26}.Debug|x64.Build.0 = Debug|x64
		{D127FAB5-2441-4F4E-836F-817257998B26}.Debug|x86.ActiveCfg = Debug|Win32
		{D127FAB5-2441-4F4E-836F-817257998B26}.Debug|x86.Build.0 = Debug|Win32
		{D127FAB5-2441-4F4E-836F-817257998B26}.Release|Any CPU.ActiveCfg = Release|Win32
		{D127FAB5-2441-4F4E-836F-817257998B26}.Release|x64.ActiveCfg = Release|x64
		{D127FAB5-2441-4F4E-836F-817257998B26}.Release|x64.Build.0 = Release|x64
		{D127FAB5-2441-4F4E-836F-817257998B26}.Release|x86.ActiveCfg = Release|Win32
		{D127FAB5-2441-4F4E-836F-817257998B26}.Release|x86.Build.0 = Release|Win32
		{A74BE485-A0E0-4209-8B3F-7D917E61BCB0}.Debug|Any CPU.ActiveCfg = Debug|Win32
		{A74BE485-A0E0-4209-8B3F-7D917E61BCB0}.Debug|x64.ActiveCfg = Debug|x64
		{A74BE485-A0E0-4209-8B3F-7D917E61BCB0}.Debug|x64.Build.0 = Debug|x64
		{A74BE485-A0E0-4209-8B3F-7D917E61BCB0}.Debug|x86.ActiveCfg = Debug|Win32
		{A74BE485-A0E0-4209-8B3F-7D917E61BCB0}.Debug|x86.Build.0 = Debug|Win32
		{A74BE485-A0E0-4209-8B3F-7D917E61BCB0}.Release|Any CPU.ActiveCfg = Release|Win32
		{A74BE485-A0E0-4209-8B3F-7D917E61BCB0}.Release|x64.ActiveCfg = Release|x64
		{A74BE485-A0E0-4209-8B3F-7D917E61BCB0}.Release|x64.Build.0 = Release|x64
		{A74BE485-A0E0-4209-8B3F-7D917E61BCB0}.Release|x86.ActiveCfg = Release|Win32
		{A74BE485-A0E0-4209-8B3F-7D917E61BCB0}.Release|x86.Build.0 = Release|Win32
		{C1687989-242C-4A8B-953E-30721730C2A9}.Debug|Any CPU.ActiveCfg = Debug|Win32
		{C1687989-242C-4A8B-953E-30721730C2A9}.Debug|x64.ActiveCfg = Debug|x64
		{C1687989-242C-4A8B-953E-30721730C2A9}.Debug|x64.Build.0 = Debug|x64
		{C1687989-242C-4A8B-953E-30721730C2A9}.Debug|x86.ActiveCfg = Debug|Win32
		{C1687989-242C-4A8B-953E-30721730C2A9}.Debug|x86.Build.0 = Debug|Win32
		{C1687989-242C-4A8B-953E-30721730C2A9}.Release|Any CPU.ActiveCfg = Release|Win32
		{C1687989-242C-4A8B-953E-30721730C2A9}.Release|x64.ActiveCfg = Release|x64
		{C1687989-242C-4A8B-953E-30721730C2A9}.Release|x64.Build.0 = Release|x64
		{C1687989-242C-4A8B-953E-30721730C2A9}.Release|x86.ActiveCfg = Release|Win32
		{C1687989-242C-4A8B-953E-30721730C2A9}.Release|x86.Build.0 = Release|Win32
		{4060AA96-B3BE-4FFD-A1A9-5DE6431A52C8}.Debug|Any CPU.ActiveCfg = Debug|Win32
		{4060AA96-B3BE-4FFD-A1A9-5DE6431A52C8}.Debug|x64.ActiveCfg = Debug|x64
		{4060AA96-B3BE-4FFD-A1A9-5DE6431A52C8}.Debug|x64.Build.0 = Debug|x64
		{4060AA96-B3BE-4FFD-A1A9-5DE6431A52C8}.Debug|x86.ActiveCfg = Debug|Win32
		{4060AA96-B3BE-4FFD-A1A9-5DE6431A52C8}.Debug|x86.Build.0 = Debug|Win32
		{4060AA96-B3BE-4FFD-A1A9-5DE6431A52C8}.Release|Any CPU.ActiveCfg = Release|Win32
		{4060AA96-B3BE-4FFD-A1A9-5DE6431A52C8}.Release|x64.ActiveCfg = Release|x64
		{4060AA96-B3BE-4FFD-A1A9-5DE6431A52C8}.Release|x64.Build.0 = Release|x64
		{4060AA96-B3BE-4FFD-A1A9-5DE6431A52C8}.Release|x86.ActiveCfg = Release|Win32
		{4060AA96-B3BE-4FFD-A1A9-5DE6431A52C8}.Release|x86.Build.0 = Release|Win32
		{581FA902-2564-4DC0-A629-108FE683B499}.Debug|Any CPU.ActiveCfg = Debug|Win32
		{581FA902-2564-4DC0-A629-108FE683B499}.Debug|x64.ActiveCfg = Debug|x64
		{581FA902-2564-4DC0-A629-108FE683B499}.Debug|x64.Build.0 = Debug|x64
		{581FA902-2564-4DC0-A629-108FE683B499}.Debug|x86.ActiveCfg = Debug|Win32
		{581FA902-2564-4DC0-A629-108FE683B499}.Debug|x86.Build.0 = Debug|Win32
		{581FA902-2564-4DC0-A629-108FE683B499}.Release|Any CPU.ActiveCfg = Release|Win32
		{581FA902-2564-4DC0-A629-108FE683B499}.Release|x64.ActiveCfg = Release|x64
		{581FA902-2564-4DC0-A629-108FE683B499}.Release|x64.Build.0 = Release|x64
		{581FA902-2564-4DC0-A629-108FE683B499}.Release|x86.ActiveCfg = Release|Win32
		{581FA902-2564-4DC0-A629-108FE683B499}.Release|x86.Build.0 = Release|Win32
		{8C64A85A-E0DE-4CE4-BB75-D9D59279A00D}.Debug|Any CPU.ActiveCfg = Debug|Win32
		{8C64A85A-E0DE-4CE4-BB75-D9D59279A00D}.Debug|x64.ActiveCfg = Debug|x64
		{8C64A85A-E0DE-4CE4-BB75-D9D59279A00D}.Debug|x64.Build.0 = Debug|x64
		{8C64A85A-E0DE-4CE4-BB75-D9D59279A00D}.Debug|x86.ActiveCfg = Debug|Win32
		{8C64A85A-E0DE-4CE4-BB75-D9D59279A00D}.Debug|x86.Build.0 = Debug|Win32
		{8C64A85A-E0DE-4CE4-BB75-D9D59279A00D}.Release|Any CPU.ActiveCfg = Release|Win32
		{8C64A85A-E0DE-4CE4-BB75-D9D59279A00D}.Release|x64.ActiveCfg = Release|x64
		{8C64A85A-E0DE-4CE4-BB75-D9D59279A00D}.Release|x64.Build.0 = Release|x64
		{8C64A85A-E0DE-4CE4-BB75-D9D59279A00D}.Release|x86.ActiveCfg = Release|Win32
		{8C64A85A-E0DE-4CE4-BB75-D9D59279A00D}.Release|x86.Build.0 = Release|Win32
		{015A3B14-BCFA-4C75-8ED0-1757034EC4FE}.Debug|Any CPU.ActiveCfg = Debug|Win32
		{015A3B14-BCFA-4C75-8ED0-1757034EC4FE}.Debug|x64.ActiveCfg = Debug|x64
		{015A3B14-BCFA-4C75-8ED0-1757034EC4FE}.Debug|x64.Build.0 = Debug|x64
		{015A3B14-BCFA-4C75-8ED0-1757034EC4FE}.Debug|x86.ActiveCfg = Debug|Win32
		{015A3B14-BCFA-4C75-8ED0-1757034EC4FE}.Debug|x86.Build.0 = Debug|Win32
		{015A3B14-BCFA-4C75-8ED0-1757034EC4FE}.Release|Any CPU.ActiveCfg = Release|Win32
		{015A3B14-BCFA-4C75-8ED0-1757034EC4FE}.Release|x64.ActiveCfg = Release|x64
		{015A3B14-BCFA-4C75-8ED0-1757034EC4FE}.Release|x64.Build.0 = Release|x64
		{015A3B14-BCFA-4C75-8ED0-1757034EC4FE}.Release|x86.ActiveCfg = Release|Win32
		{015A3B14-BCFA-4C75-8ED0-1757034EC4FE}.Release|x86.Build.0 = Release|Win32
	EndGlobalSection
	GlobalSection(SolutionProperties) = preSolution
		HideSolutionNode = FALSE
	EndGlobalSection
EndGlobal
