
Microsoft Visual Studio Solution File, Format Version 12.00
# Visual Studio 14
VisualStudioVersion = 14.0.25420.1
MinimumVisualStudioVersion = 10.0.40219.1
Project("{8BC9CEB8-8B4A-11D0-8D11-00A0C91BC942}") = "Exercices_2.21", "Exercices_2.21\Exercices_2.21.vcxproj", "{B4395870-109F-49C7-84FB-E0AC2E123DE1}"
EndProject
Project("{8BC9CEB8-8B4A-11D0-8D11-00A0C91BC942}") = "Exercices_2.27", "Exercices_2.27\Exercices_2.27.vcxproj", "{738FA9A8-D64E-49F3-9252-2C529267873E}"
EndProject
Project("{8BC9CEB8-8B4A-11D0-8D11-00A0C91BC942}") = "Exercices_2.28", "Exercices_2.28\Exercices_2.28.vcxproj", "{64C539B1-F7DB-467F-9B27-2A8F4997ADF4}"
EndProject
Project("{8BC9CEB8-8B4A-11D0-8D11-00A0C91BC942}") = "_HelloWorld", "_HelloWorld\HelloWorld.vcxproj", "{760C5C38-FA5D-4FB7-97A7-90117D95A8AB}"
EndProject
Project("{8BC9CEB8-8B4A-11D0-8D11-00A0C91BC942}") = "_ShowNumbers", "_ShowNumbers\ShowNumbers.vcxproj", "{2B442E23-3054-477A-98CF-A878818508F7}"
EndProject
Project("{8BC9CEB8-8B4A-11D0-8D11-00A0C91BC942}") = "__Experimets__", "__Experimets__\__Experimets__.vcxproj", "{9EB757DC-4A18-463C-99FD-D4DAAC51AA8D}"
EndProject
Project("{8BC9CEB8-8B4A-11D0-8D11-00A0C91BC942}") = "GradeBookApp", "GradeBookApp\GradeBookApp.vcxproj", "{9C769CF1-8505-4646-AF3E-95AB59AB51D5}"
EndProject
Project("{8BC9CEB8-8B4A-11D0-8D11-00A0C91BC942}") = "Exercices_Repetition", "Exercices_Repetition\Exercices_Repetition.vcxproj", "{D282183C-A573-4428-AB33-A93DD0816AAB}"
EndProject
Project("{8BC9CEB8-8B4A-11D0-8D11-00A0C91BC942}") = "Fig05_06", "Fig05_06\Fig05_06.vcxproj", "{D7E9CC52-4D78-4E2A-8557-8CC3408B5107}"
EndProject
Project("{8BC9CEB8-8B4A-11D0-8D11-00A0C91BC942}") = "Fig05_18", "Fig05_18\Fig05_18.vcxproj", "{304AE768-C7DF-4D51-8487-D0825EA6BC54}"
EndProject
Project("{8BC9CEB8-8B4A-11D0-8D11-00A0C91BC942}") = "EX4_1", "EX4_1\EX4_1.vcxproj", "{DB98BD19-616E-46EB-9A3F-C5F6D00C32D1}"
EndProject
Project("{8BC9CEB8-8B4A-11D0-8D11-00A0C91BC942}") = "EX4_2", "EX4_2\EX4_2.vcxproj", "{874C7541-BDDA-4CCE-8CAD-7CDEF97C2F17}"
EndProject
Project("{8BC9CEB8-8B4A-11D0-8D11-00A0C91BC942}") = "EX4_3", "EX4_3\EX4_3.vcxproj", "{FA46E715-5D8E-4DDC-B12B-C753790DFFF3}"
EndProject
Global
	GlobalSection(SolutionConfigurationPlatforms) = preSolution
		Debug|Any CPU = Debug|Any CPU
		Debug|x64 = Debug|x64
		Debug|x86 = Debug|x86
		Release|Any CPU = Release|Any CPU
		Release|x64 = Release|x64
		Release|x86 = Release|x86
	EndGlobalSection
	GlobalSection(ProjectConfigurationPlatforms) = postSolution
		{B4395870-109F-49C7-84FB-E0AC2E123DE1}.Debug|Any CPU.ActiveCfg = Debug|Win32
		{B4395870-109F-49C7-84FB-E0AC2E123DE1}.Debug|x64.ActiveCfg = Debug|x64
		{B4395870-109F-49C7-84FB-E0AC2E123DE1}.Debug|x64.Build.0 = Debug|x64
		{B4395870-109F-49C7-84FB-E0AC2E123DE1}.Debug|x86.ActiveCfg = Debug|Win32
		{B4395870-109F-49C7-84FB-E0AC2E123DE1}.Debug|x86.Build.0 = Debug|Win32
		{B4395870-109F-49C7-84FB-E0AC2E123DE1}.Release|Any CPU.ActiveCfg = Release|Win32
		{B4395870-109F-49C7-84FB-E0AC2E123DE1}.Release|x64.ActiveCfg = Release|x64
		{B4395870-109F-49C7-84FB-E0AC2E123DE1}.Release|x64.Build.0 = Release|x64
		{B4395870-109F-49C7-84FB-E0AC2E123DE1}.Release|x86.ActiveCfg = Release|Win32
		{B4395870-109F-49C7-84FB-E0AC2E123DE1}.Release|x86.Build.0 = Release|Win32
		{738FA9A8-D64E-49F3-9252-2C529267873E}.Debug|Any CPU.ActiveCfg = Debug|Win32
		{738FA9A8-D64E-49F3-9252-2C529267873E}.Debug|x64.ActiveCfg = Debug|x64
		{738FA9A8-D64E-49F3-9252-2C529267873E}.Debug|x64.Build.0 = Debug|x64
		{738FA9A8-D64E-49F3-9252-2C529267873E}.Debug|x86.ActiveCfg = Debug|Win32
		{738FA9A8-D64E-49F3-9252-2C529267873E}.Debug|x86.Build.0 = Debug|Win32
		{738FA9A8-D64E-49F3-9252-2C529267873E}.Release|Any CPU.ActiveCfg = Release|Win32
		{738FA9A8-D64E-49F3-9252-2C529267873E}.Release|x64.ActiveCfg = Release|x64
		{738FA9A8-D64E-49F3-9252-2C529267873E}.Release|x64.Build.0 = Release|x64
		{738FA9A8-D64E-49F3-9252-2C529267873E}.Release|x86.ActiveCfg = Release|Win32
		{738FA9A8-D64E-49F3-9252-2C529267873E}.Release|x86.Build.0 = Release|Win32
		{64C539B1-F7DB-467F-9B27-2A8F4997ADF4}.Debug|Any CPU.ActiveCfg = Debug|Win32
		{64C539B1-F7DB-467F-9B27-2A8F4997ADF4}.Debug|x64.ActiveCfg = Debug|x64
		{64C539B1-F7DB-467F-9B27-2A8F4997ADF4}.Debug|x64.Build.0 = Debug|x64
		{64C539B1-F7DB-467F-9B27-2A8F4997ADF4}.Debug|x86.ActiveCfg = Debug|Win32
		{64C539B1-F7DB-467F-9B27-2A8F4997ADF4}.Debug|x86.Build.0 = Debug|Win32
		{64C539B1-F7DB-467F-9B27-2A8F4997ADF4}.Release|Any CPU.ActiveCfg = Release|Win32
		{64C539B1-F7DB-467F-9B27-2A8F4997ADF4}.Release|x64.ActiveCfg = Release|x64
		{64C539B1-F7DB-467F-9B27-2A8F4997ADF4}.Release|x64.Build.0 = Release|x64
		{64C539B1-F7DB-467F-9B27-2A8F4997ADF4}.Release|x86.ActiveCfg = Release|Win32
		{64C539B1-F7DB-467F-9B27-2A8F4997ADF4}.Release|x86.Build.0 = Release|Win32
		{760C5C38-FA5D-4FB7-97A7-90117D95A8AB}.Debug|Any CPU.ActiveCfg = Debug|Win32
		{760C5C38-FA5D-4FB7-97A7-90117D95A8AB}.Debug|x64.ActiveCfg = Debug|x64
		{760C5C38-FA5D-4FB7-97A7-90117D95A8AB}.Debug|x64.Build.0 = Debug|x64
		{760C5C38-FA5D-4FB7-97A7-90117D95A8AB}.Debug|x86.ActiveCfg = Debug|Win32
		{760C5C38-FA5D-4FB7-97A7-90117D95A8AB}.Debug|x86.Build.0 = Debug|Win32
		{760C5C38-FA5D-4FB7-97A7-90117D95A8AB}.Release|Any CPU.ActiveCfg = Release|Win32
		{760C5C38-FA5D-4FB7-97A7-90117D95A8AB}.Release|x64.ActiveCfg = Release|x64
		{760C5C38-FA5D-4FB7-97A7-90117D95A8AB}.Release|x64.Build.0 = Release|x64
		{760C5C38-FA5D-4FB7-97A7-90117D95A8AB}.Release|x86.ActiveCfg = Release|Win32
		{760C5C38-FA5D-4FB7-97A7-90117D95A8AB}.Release|x86.Build.0 = Release|Win32
		{2B442E23-3054-477A-98CF-A878818508F7}.Debug|Any CPU.ActiveCfg = Debug|Win32
		{2B442E23-3054-477A-98CF-A878818508F7}.Debug|x64.ActiveCfg = Debug|x64
		{2B442E23-3054-477A-98CF-A878818508F7}.Debug|x64.Build.0 = Debug|x64
		{2B442E23-3054-477A-98CF-A878818508F7}.Debug|x86.ActiveCfg = Debug|Win32
		{2B442E23-3054-477A-98CF-A878818508F7}.Debug|x86.Build.0 = Debug|Win32
		{2B442E23-3054-477A-98CF-A878818508F7}.Release|Any CPU.ActiveCfg = Release|Win32
		{2B442E23-3054-477A-98CF-A878818508F7}.Release|x64.ActiveCfg = Release|x64
		{2B442E23-3054-477A-98CF-A878818508F7}.Release|x64.Build.0 = Release|x64
		{2B442E23-3054-477A-98CF-A878818508F7}.Release|x86.ActiveCfg = Release|Win32
		{2B442E23-3054-477A-98CF-A878818508F7}.Release|x86.Build.0 = Release|Win32
		{9EB757DC-4A18-463C-99FD-D4DAAC51AA8D}.Debug|Any CPU.ActiveCfg = Debug|Win32
		{9EB757DC-4A18-463C-99FD-D4DAAC51AA8D}.Debug|x64.ActiveCfg = Debug|x64
		{9EB757DC-4A18-463C-99FD-D4DAAC51AA8D}.Debug|x64.Build.0 = Debug|x64
		{9EB757DC-4A18-463C-99FD-D4DAAC51AA8D}.Debug|x86.ActiveCfg = Debug|Win32
		{9EB757DC-4A18-463C-99FD-D4DAAC51AA8D}.Debug|x86.Build.0 = Debug|Win32
		{9EB757DC-4A18-463C-99FD-D4DAAC51AA8D}.Release|Any CPU.ActiveCfg = Release|Win32
		{9EB757DC-4A18-463C-99FD-D4DAAC51AA8D}.Release|x64.ActiveCfg = Release|x64
		{9EB757DC-4A18-463C-99FD-D4DAAC51AA8D}.Release|x64.Build.0 = Release|x64
		{9EB757DC-4A18-463C-99FD-D4DAAC51AA8D}.Release|x86.ActiveCfg = Release|Win32
		{9EB757DC-4A18-463C-99FD-D4DAAC51AA8D}.Release|x86.Build.0 = Release|Win32
		{9C769CF1-8505-4646-AF3E-95AB59AB51D5}.Debug|Any CPU.ActiveCfg = Debug|Win32
		{9C769CF1-8505-4646-AF3E-95AB59AB51D5}.Debug|x64.ActiveCfg = Debug|x64
		{9C769CF1-8505-4646-AF3E-95AB59AB51D5}.Debug|x64.Build.0 = Debug|x64
		{9C769CF1-8505-4646-AF3E-95AB59AB51D5}.Debug|x86.ActiveCfg = Debug|Win32
		{9C769CF1-8505-4646-AF3E-95AB59AB51D5}.Debug|x86.Build.0 = Debug|Win32
		{9C769CF1-8505-4646-AF3E-95AB59AB51D5}.Release|Any CPU.ActiveCfg = Release|Win32
		{9C769CF1-8505-4646-AF3E-95AB59AB51D5}.Release|x64.ActiveCfg = Release|x64
		{9C769CF1-8505-4646-AF3E-95AB59AB51D5}.Release|x64.Build.0 = Release|x64
		{9C769CF1-8505-4646-AF3E-95AB59AB51D5}.Release|x86.ActiveCfg = Release|Win32
		{9C769CF1-8505-4646-AF3E-95AB59AB51D5}.Release|x86.Build.0 = Release|Win32
		{D282183C-A573-4428-AB33-A93DD0816AAB}.Debug|Any CPU.ActiveCfg = Debug|Win32
		{D282183C-A573-4428-AB33-A93DD0816AAB}.Debug|x64.ActiveCfg = Debug|x64
		{D282183C-A573-4428-AB33-A93DD0816AAB}.Debug|x64.Build.0 = Debug|x64
		{D282183C-A573-4428-AB33-A93DD0816AAB}.Debug|x86.ActiveCfg = Debug|Win32
		{D282183C-A573-4428-AB33-A93DD0816AAB}.Debug|x86.Build.0 = Debug|Win32
		{D282183C-A573-4428-AB33-A93DD0816AAB}.Release|Any CPU.ActiveCfg = Release|Win32
		{D282183C-A573-4428-AB33-A93DD0816AAB}.Release|x64.ActiveCfg = Release|x64
		{D282183C-A573-4428-AB33-A93DD0816AAB}.Release|x64.Build.0 = Release|x64
		{D282183C-A573-4428-AB33-A93DD0816AAB}.Release|x86.ActiveCfg = Release|Win32
		{D282183C-A573-4428-AB33-A93DD0816AAB}.Release|x86.Build.0 = Release|Win32
		{D7E9CC52-4D78-4E2A-8557-8CC3408B5107}.Debug|Any CPU.ActiveCfg = Debug|Win32
		{D7E9CC52-4D78-4E2A-8557-8CC3408B5107}.Debug|x64.ActiveCfg = Debug|x64
		{D7E9CC52-4D78-4E2A-8557-8CC3408B5107}.Debug|x64.Build.0 = Debug|x64
		{D7E9CC52-4D78-4E2A-8557-8CC3408B5107}.Debug|x86.ActiveCfg = Debug|Win32
		{D7E9CC52-4D78-4E2A-8557-8CC3408B5107}.Debug|x86.Build.0 = Debug|Win32
		{D7E9CC52-4D78-4E2A-8557-8CC3408B5107}.Release|Any CPU.ActiveCfg = Release|Win32
		{D7E9CC52-4D78-4E2A-8557-8CC3408B5107}.Release|x64.ActiveCfg = Release|x64
		{D7E9CC52-4D78-4E2A-8557-8CC3408B5107}.Release|x64.Build.0 = Release|x64
		{D7E9CC52-4D78-4E2A-8557-8CC3408B5107}.Release|x86.ActiveCfg = Release|Win32
		{D7E9CC52-4D78-4E2A-8557-8CC3408B5107}.Release|x86.Build.0 = Release|Win32
		{304AE768-C7DF-4D51-8487-D0825EA6BC54}.Debug|Any CPU.ActiveCfg = Debug|Win32
		{304AE768-C7DF-4D51-8487-D0825EA6BC54}.Debug|x64.ActiveCfg = Debug|x64
		{304AE768-C7DF-4D51-8487-D0825EA6BC54}.Debug|x64.Build.0 = Debug|x64
		{304AE768-C7DF-4D51-8487-D0825EA6BC54}.Debug|x86.ActiveCfg = Debug|Win32
		{304AE768-C7DF-4D51-8487-D0825EA6BC54}.Debug|x86.Build.0 = Debug|Win32
		{304AE768-C7DF-4D51-8487-D0825EA6BC54}.Release|Any CPU.ActiveCfg = Release|Win32
		{304AE768-C7DF-4D51-8487-D0825EA6BC54}.Release|x64.ActiveCfg = Release|x64
		{304AE768-C7DF-4D51-8487-D0825EA6BC54}.Release|x64.Build.0 = Release|x64
		{304AE768-C7DF-4D51-8487-D0825EA6BC54}.Release|x86.ActiveCfg = Release|Win32
		{304AE768-C7DF-4D51-8487-D0825EA6BC54}.Release|x86.Build.0 = Release|Win32
		{DB98BD19-616E-46EB-9A3F-C5F6D00C32D1}.Debug|Any CPU.ActiveCfg = Debug|Win32
		{DB98BD19-616E-46EB-9A3F-C5F6D00C32D1}.Debug|x64.ActiveCfg = Debug|x64
		{DB98BD19-616E-46EB-9A3F-C5F6D00C32D1}.Debug|x64.Build.0 = Debug|x64
		{DB98BD19-616E-46EB-9A3F-C5F6D00C32D1}.Debug|x86.ActiveCfg = Debug|Win32
		{DB98BD19-616E-46EB-9A3F-C5F6D00C32D1}.Debug|x86.Build.0 = Debug|Win32
		{DB98BD19-616E-46EB-9A3F-C5F6D00C32D1}.Release|Any CPU.ActiveCfg = Release|Win32
		{DB98BD19-616E-46EB-9A3F-C5F6D00C32D1}.Release|x64.ActiveCfg = Release|x64
		{DB98BD19-616E-46EB-9A3F-C5F6D00C32D1}.Release|x64.Build.0 = Release|x64
		{DB98BD19-616E-46EB-9A3F-C5F6D00C32D1}.Release|x86.ActiveCfg = Release|Win32
		{DB98BD19-616E-46EB-9A3F-C5F6D00C32D1}.Release|x86.Build.0 = Release|Win32
		{874C7541-BDDA-4CCE-8CAD-7CDEF97C2F17}.Debug|Any CPU.ActiveCfg = Debug|Win32
		{874C7541-BDDA-4CCE-8CAD-7CDEF97C2F17}.Debug|x64.ActiveCfg = Debug|x64
		{874C7541-BDDA-4CCE-8CAD-7CDEF97C2F17}.Debug|x64.Build.0 = Debug|x64
		{874C7541-BDDA-4CCE-8CAD-7CDEF97C2F17}.Debug|x86.ActiveCfg = Debug|Win32
		{874C7541-BDDA-4CCE-8CAD-7CDEF97C2F17}.Debug|x86.Build.0 = Debug|Win32
		{874C7541-BDDA-4CCE-8CAD-7CDEF97C2F17}.Release|Any CPU.ActiveCfg = Release|Win32
		{874C7541-BDDA-4CCE-8CAD-7CDEF97C2F17}.Release|x64.ActiveCfg = Release|x64
		{874C7541-BDDA-4CCE-8CAD-7CDEF97C2F17}.Release|x64.Build.0 = Release|x64
		{874C7541-BDDA-4CCE-8CAD-7CDEF97C2F17}.Release|x86.ActiveCfg = Release|Win32
		{874C7541-BDDA-4CCE-8CAD-7CDEF97C2F17}.Release|x86.Build.0 = Release|Win32
		{FA46E715-5D8E-4DDC-B12B-C753790DFFF3}.Debug|Any CPU.ActiveCfg = Debug|Win32
		{FA46E715-5D8E-4DDC-B12B-C753790DFFF3}.Debug|x64.ActiveCfg = Debug|x64
		{FA46E715-5D8E-4DDC-B12B-C753790DFFF3}.Debug|x64.Build.0 = Debug|x64
		{FA46E715-5D8E-4DDC-B12B-C753790DFFF3}.Debug|x86.ActiveCfg = Debug|Win32
		{FA46E715-5D8E-4DDC-B12B-C753790DFFF3}.Debug|x86.Build.0 = Debug|Win32
		{FA46E715-5D8E-4DDC-B12B-C753790DFFF3}.Release|Any CPU.ActiveCfg = Release|Win32
		{FA46E715-5D8E-4DDC-B12B-C753790DFFF3}.Release|x64.ActiveCfg = Release|x64
		{FA46E715-5D8E-4DDC-B12B-C753790DFFF3}.Release|x64.Build.0 = Release|x64
		{FA46E715-5D8E-4DDC-B12B-C753790DFFF3}.Release|x86.ActiveCfg = Release|Win32
		{FA46E715-5D8E-4DDC-B12B-C753790DFFF3}.Release|x86.Build.0 = Release|Win32
	EndGlobalSection
	GlobalSection(SolutionProperties) = preSolution
		HideSolutionNode = FALSE
	EndGlobalSection
EndGlobal
