
Microsoft Visual Studio Solution File, Format Version 12.00
# Visual Studio 14
VisualStudioVersion = 14.0.25420.1
MinimumVisualStudioVersion = 10.0.40219.1
Project("{8BC9CEB8-8B4A-11D0-8D11-00A0C91BC942}") = "Exercices_2.21", "Exercices_2.21\Exercices_2.21.vcxproj", "{B4395870-109F-49C7-84FB-E0AC2E123DE1}"
EndProject
Project("{8BC9CEB8-8B4A-11D0-8D11-00A0C91BC942}") = "Exercices_2.27", "Exercices_2.27\Exercices_2.27.vcxproj", "{738FA9A8-D64E-49F3-9252-2C529267873E}"
EndProject
Project("{8BC9CEB8-8B4A-11D0-8D11-00A0C91BC942}") = "Exercices_2.28", "Exercices_2.28\Exercices_2.28.vcxproj", "{64C539B1-F7DB-467F-9B27-2A8F4997ADF4}"
EndProject
Project("{8BC9CEB8-8B4A-11D0-8D11-00A0C91BC942}") = "_HelloWorld", "_HelloWorld\HelloWorld.vcxproj", "{760C5C38-FA5D-4FB7-97A7-90117D95A8AB}"
EndProject
Project("{8BC9CEB8-8B4A-11D0-8D11-00A0C91BC942}") = "_ShowNumbers", "_ShowNumbers\ShowNumbers.vcxproj", "{2B442E23-3054-477A-98CF-A878818508F7}"
EndProject
Project("{8BC9CEB8-8B4A-11D0-8D11-00A0C91BC942}") = "__Experimets__", "__Experimets__\__Experimets__.vcxproj", "{9EB757DC-4A18-463C-99FD-D4DAAC51AA8D}"
EndProject
Project("{8BC9CEB8-8B4A-11D0-8D11-00A0C91BC942}") = "GradeBookApp", "GradeBookApp\GradeBookApp.vcxproj", "{9C769CF1-8505-4646-AF3E-95AB59AB51D5}"
EndProject
Project("{8BC9CEB8-8B4A-11D0-8D11-00A0C91BC942}") = "_Exercices_Repetition", "Exercices_Repetition\Exercices_Repetition.vcxproj", "{D282183C-A573-4428-AB33-A93DD0816AAB}"
EndProject
Project("{8BC9CEB8-8B4A-11D0-8D11-00A0C91BC942}") = "Fig05_06", "Fig05_06\Fig05_06.vcxproj", "{D7E9CC52-4D78-4E2A-8557-8CC3408B5107}"
EndProject
Project("{8BC9CEB8-8B4A-11D0-8D11-00A0C91BC942}") = "Fig05_18", "Fig05_18\Fig05_18.vcxproj", "{304AE768-C7DF-4D51-8487-D0825EA6BC54}"
EndProject
Project("{8BC9CEB8-8B4A-11D0-8D11-00A0C91BC942}") = "EX4_1", "EX4_1\EX4_1.vcxproj", "{DB98BD19-616E-46EB-9A3F-C5F6D00C32D1}"
EndProject
Project("{8BC9CEB8-8B4A-11D0-8D11-00A0C91BC942}") = "EX4_2", "EX4_2\EX4_2.vcxproj", "{874C7541-BDDA-4CCE-8CAD-7CDEF97C2F17}"
EndProject
Project("{8BC9CEB8-8B4A-11D0-8D11-00A0C91BC942}") = "EX4_3", "EX4_3\EX4_3.vcxproj", "{FA46E715-5D8E-4DDC-B12B-C753790DFFF3}"
EndProject
Project("{8BC9CEB8-8B4A-11D0-8D11-00A0C91BC942}") = "EX4_4", "EX4_4\EX4_4.vcxproj", "{2CAAB23D-BFDE-4AAC-B7A3-D5C361A4AD2F}"
EndProject
Project("{8BC9CEB8-8B4A-11D0-8D11-00A0C91BC942}") = "EX4_5", "EX4_5\EX4_5.vcxproj", "{B104B5B5-4B57-42C0-9C01-B266D3600ADA}"
EndProject
Project("{8BC9CEB8-8B4A-11D0-8D11-00A0C91BC942}") = "EX4_6", "EX4_6\EX4_6.vcxproj", "{A177B88A-0704-4518-B15F-D4D8F5178EB4}"
EndProject
Project("{8BC9CEB8-8B4A-11D0-8D11-00A0C91BC942}") = "Exercices_5.2.a", "Exercices_5.2.a\Exercices_5.2.a.vcxproj", "{62C70E2E-9DF1-491E-9CF1-88E69D1B5AD6}"
EndProject
Project("{8BC9CEB8-8B4A-11D0-8D11-00A0C91BC942}") = "Exercices_5.2.b", "Exercices_5.2.b\Exercices_5.2.b.vcxproj", "{D127FAB5-2441-4F4E-836F-817257998B26}"
EndProject
Project("{8BC9CEB8-8B4A-11D0-8D11-00A0C91BC942}") = "Exercices_5.2.c", "Exercices_5.2.c\Exercices_5.2.c.vcxproj", "{A74BE485-A0E0-4209-8B3F-7D917E61BCB0}"
EndProject
Project("{8BC9CEB8-8B4A-11D0-8D11-00A0C91BC942}") = "Exercices_5.2.d", "Exercices_5.2.d\Exercices_5.2.d.vcxproj", "{C1687989-242C-4A8B-953E-30721730C2A9}"
EndProject
Project("{8BC9CEB8-8B4A-11D0-8D11-00A0C91BC942}") = "Exercices_5.18", "Exercices_5.18\Exercices_5.18.vcxproj", "{4060AA96-B3BE-4FFD-A1A9-5DE6431A52C8}"
EndProject
Project("{8BC9CEB8-8B4A-11D0-8D11-00A0C91BC942}") = "Exercices_5.19", "Exercices_5.19\Exercices_5.19.vcxproj", "{581FA902-2564-4DC0-A629-108FE683B499}"
EndProject
Project("{8BC9CEB8-8B4A-11D0-8D11-00A0C91BC942}") = "Exercices_5.22", "Exercices_5.22\Exercices_5.22.vcxproj", "{8C64A85A-E0DE-4CE4-BB75-D9D59279A00D}"
EndProject
Project("{8BC9CEB8-8B4A-11D0-8D11-00A0C91BC942}") = "_ChiffreRomain", "_ChiffreRomain\_ChiffreRomain.vcxproj", "{015A3B14-BCFA-4C75-8ED0-1757034EC4FE}"
EndProject
Project("{8BC9CEB8-8B4A-11D0-8D11-00A0C91BC942}") = "_ChiffreRomain2", "_ChiffreRomain2\_ChiffreRomain2.vcxproj", "{9FD76E8D-0AB1-4C36-8DC1-46A80FC8FBA8}"
EndProject
Project("{8BC9CEB8-8B4A-11D0-8D11-00A0C91BC942}") = "Fig06_08_Rolling_six_sided_die", "Fig06_08_Rolling_six_sided_die\Fig06_08_Rolling_six_sided_die.vcxproj", "{650604BB-B654-400B-BC99-220635E4A462}"
EndProject
Project("{8BC9CEB8-8B4A-11D0-8D11-00A0C91BC942}") = "Fig06_09_six_sided_die_more_times", "Fig06_09_six_sided_die_more_times\Fig06_09_six_sided_die_more_times.vcxproj", "{19E954FC-0737-4CE7-B129-31DE7E2F3AEE}"
EndProject
Project("{8BC9CEB8-8B4A-11D0-8D11-00A0C91BC942}") = "Fig06_10_crand", "Fig06_10_crand\Fig06_10_crand.vcxproj", "{8FFD15C8-8D8C-4317-974E-3BAD85B751B5}"
EndProject
Project("{8BC9CEB8-8B4A-11D0-8D11-00A0C91BC942}") = "Fig06_11_Roll_Dice", "Fig06_11_Roll_Dice\Fig06_11_Roll_Dice.vcxproj", "{2E4AD401-CA5E-4532-9EC8-BFF624649EE1}"
EndProject
Project("{8BC9CEB8-8B4A-11D0-8D11-00A0C91BC942}") = "Fig06_12_Random_Numbers", "Fig06_12_Random_Numbers\Fig06_12_Random_Numbers.vcxproj", "{F337F223-8C4B-4B29-9022-B2AB8D1DC7C6}"
EndProject
Project("{8BC9CEB8-8B4A-11D0-8D11-00A0C91BC942}") = "Exercices_6.21", "Exercices_6.21\Exercices_6.21.vcxproj", "{BF2127A4-630A-448E-925E-2FBDDBCE467C}"
EndProject
Project("{8BC9CEB8-8B4A-11D0-8D11-00A0C91BC942}") = "Exercices_6.24", "Exercices_6.24\Exercices_6.24.vcxproj", "{E54A599D-B2B4-4D74-A625-AC0BA2320E77}"
EndProject
Project("{8BC9CEB8-8B4A-11D0-8D11-00A0C91BC942}") = "Exercices_6.28_Perfect_Numbers", "Exercices_6.28\Exercices_6.28.vcxproj", "{EDB9E302-8358-4E2C-97B6-93F0AA1638F5}"
EndProject
Project("{8BC9CEB8-8B4A-11D0-8D11-00A0C91BC942}") = "Exercices_6.30_Reverse_Digits", "Exercices_6.30\Exercices_6.30.vcxproj", "{8FA497A9-0C92-493E-9C4A-3B4CD3DFBED0}"
EndProject
Project("{8BC9CEB8-8B4A-11D0-8D11-00A0C91BC942}") = "EX_6", "EX_6\EX_6.vcxproj", "{D8849E83-4EFC-493D-947A-457227E4CA70}"
EndProject
Project("{8BC9CEB8-8B4A-11D0-8D11-00A0C91BC942}") = "Fig06_13_Scoping_Example", "Fig06_13_Scoping_Example\Fig06_13_Scoping_Example.vcxproj", "{8BA40C71-96ED-4C91-9537-65F1B870D2B8}"
EndProject
Project("{8BC9CEB8-8B4A-11D0-8D11-00A0C91BC942}") = "Fig06_18_Functions_void_arguments", "Fig06_18_Functions_void_arguments\Fig06_18_Functions_void_arguments.vcxproj", "{8223552B-2685-43C1-83E7-5B5C8F35FAB0}"
EndProject
Project("{8BC9CEB8-8B4A-11D0-8D11-00A0C91BC942}") = "Fig06_19_Inline_Functions", "Fig06_19_Inline_Functions\Fig06_19_Inline_Functions.vcxproj", "{1CAB81DA-822F-48D5-AD32-268C5846EDFF}"
EndProject
Project("{8BC9CEB8-8B4A-11D0-8D11-00A0C91BC942}") = "Fig06_20_Value_Reference", "Fig06_20_Value_Reference\Fig06_20_Value_Reference.vcxproj", "{4FB9CEBF-8522-44AF-AA36-07E8F8442C4A}"
EndProject
Project("{8BC9CEB8-8B4A-11D0-8D11-00A0C91BC942}") = "Fig06_21_Function_Default_Arguments", "Fig06_21_Function_Default_Arguments\Fig06_21_Function_Default_Arguments.vcxproj", "{7AD0A822-61BD-4F05-8128-D7C65E4643C3}"
EndProject
Project("{8BC9CEB8-8B4A-11D0-8D11-00A0C91BC942}") = "Fig06_22_Unary_Scope_Resolution_Operator", "Fig06_22_Unary_Scope_Resolution_Operator\Fig06_22_Unary_Scope_Resolution_Operator.vcxproj", "{99FDECE9-8D68-467F-9712-5B3D208EF61F}"
EndProject
Project("{8BC9CEB8-8B4A-11D0-8D11-00A0C91BC942}") = "Fig06_23_Overloaded_Functions", "Fig06_23_Overloaded_Functions\Fig06_23_Overloaded_Functions.vcxproj", "{40DFB9FC-4FC5-4B88-9242-9F574FF720AE}"
EndProject
Project("{8BC9CEB8-8B4A-11D0-8D11-00A0C91BC942}") = "Fig06_25_Function_Template", "Fig06_25_Function_Template\Fig06_25_Function_Template.vcxproj", "{1668387E-FB3C-44AA-9B9F-AA377C65D6DC}"
EndProject
Project("{8BC9CEB8-8B4A-11D0-8D11-00A0C91BC942}") = "Fig06_28_Recursive_Function_Factorial", "Fig06_28_Recursive_Function_Factorial\Fig06_28_Recursive_Function_Factorial.vcxproj", "{B6B8C47F-934C-4E76-AFA8-69E9EBD2B3BA}"
EndProject
Project("{8BC9CEB8-8B4A-11D0-8D11-00A0C91BC942}") = "Fig06_29_Recursive_Function_Fibonacci", "Fig06_29_Recursive_Function_Fibonacci\Fig06_29_Recursive_Function_Fibonacci.vcxproj", "{B64DA4B0-7C66-44BC-BA09-FB18E42CCCEE}"
EndProject
Project("{8BC9CEB8-8B4A-11D0-8D11-00A0C91BC942}") = "Fig06_31_Iterative_Function_Factorial", "Fig06_31_Iterative_Function_Factorial\Fig06_31_Iterative_Function_Factorial.vcxproj", "{2D287E8E-0665-4AFE-B715-4C7F3CF49AA3}"
EndProject
Project("{8BC9CEB8-8B4A-11D0-8D11-00A0C91BC942}") = "partie1", "partie1\partie1.vcxproj", "{7F2FD2C4-E26B-4100-A6D9-05BA1F3C9458}"
EndProject
Project("{8BC9CEB8-8B4A-11D0-8D11-00A0C91BC942}") = "partie2", "partie2\partie2.vcxproj", "{F18DA8AF-8F02-400F-B9B3-8740969B64A2}"
EndProject
Project("{2150E333-8FDC-42A3-9474-1A3956D46DE8}") = "TP1", "TP1", "{150FD0E6-33C0-4732-909E-C860E120941F}"
EndProject
Project("{8BC9CEB8-8B4A-11D0-8D11-00A0C91BC942}") = "Exercices_6.42_Distatnce_Between_Points", "Exercices_6.42_Distatnce_Between_Points\Exercices_6.42_Distatnce_Between_Points.vcxproj", "{7BDF9287-CE17-400E-8164-F63B6E708F24}"
EndProject
Project("{8BC9CEB8-8B4A-11D0-8D11-00A0C91BC942}") = "Exercices_6.44", "Exercices_6.44\Exercices_6.44.vcxproj", "{32499BA8-3327-43D3-8E2F-4B8CF0D2AD60}"
EndProject
Project("{8BC9CEB8-8B4A-11D0-8D11-00A0C91BC942}") = "Exercices_6.50", "Exercices_6.50\Exercices_6.50.vcxproj", "{6E524073-B8AF-4456-8724-F00BE53C40F4}"
EndProject
Project("{8BC9CEB8-8B4A-11D0-8D11-00A0C91BC942}") = "Fig07_03_Array_Initialize", "Fig07_03_Array_Initialize\Fig07_03_Array_Initialize.vcxproj", "{62D26A99-11D6-4356-822F-EEFF73B6F2DB}"
EndProject
Project("{8BC9CEB8-8B4A-11D0-8D11-00A0C91BC942}") = "Fig07_09_Bar_Chart", "Fig07_09_Bar_Chart\Fig07_09_Bar_Chart.vcxproj", "{459ADDE2-AED0-4E56-8F5D-1D63649EDF13}"
EndProject
Project("{8BC9CEB8-8B4A-11D0-8D11-00A0C91BC942}") = "Fig07_10_Array_Die_Rolling", "Fig07_10_Array_Die_Rolling\Fig07_10_Array_Die_Rolling.vcxproj", "{620D1D79-A8F4-4856-9132-E63AE9E1AFDC}"
EndProject
Project("{8BC9CEB8-8B4A-11D0-8D11-00A0C91BC942}") = "Fig07_11_Poll_Analysis_Program", "Fig07_11_Poll_Analysis_Program\Fig07_11_Poll_Analysis_Program.vcxproj", "{27767569-7B3B-49F5-948D-F3CA86079B4A}"
EndProject
Project("{8BC9CEB8-8B4A-11D0-8D11-00A0C91BC942}") = "Fig07_13_Range_Based_for", "Fig07_13_Range_Based_for\Fig07_13_Range_Based_for.vcxproj", "{50106FF3-0D97-48A5-BDC8-8AE41D018924}"
EndProject
Project("{8BC9CEB8-8B4A-11D0-8D11-00A0C91BC942}") = "Fig07_18_Sorting_Searching_Array", "Fig07_18_Sorting_Searching_Array\Fig07_18_Sorting_Searching_Array.vcxproj", "{1A2D8254-0E7E-47FC-AF95-0B1559C50094}"
EndProject
Project("{8BC9CEB8-8B4A-11D0-8D11-00A0C91BC942}") = "Fig07_20_Multidimentional_Array", "Fig07_20_Multidimentional_Array\Fig07_20_Multidimentional_Array.vcxproj", "{CB16A793-B3BE-40D8-9453-618CCE75FE53}"
EndProject
Project("{8BC9CEB8-8B4A-11D0-8D11-00A0C91BC942}") = "GradeBook7", "GradeBook7\GradeBook7.vcxproj", "{48C42B71-2BE9-40B8-8173-8AAFC7713194}"
EndProject
Global
	GlobalSection(SolutionConfigurationPlatforms) = preSolution
		Debug|Any CPU = Debug|Any CPU
		Debug|x64 = Debug|x64
		Debug|x86 = Debug|x86
		Release|Any CPU = Release|Any CPU
		Release|x64 = Release|x64
		Release|x86 = Release|x86
	EndGlobalSection
	GlobalSection(ProjectConfigurationPlatforms) = postSolution
		{B4395870-109F-49C7-84FB-E0AC2E123DE1}.Debug|Any CPU.ActiveCfg = Debug|Win32
		{B4395870-109F-49C7-84FB-E0AC2E123DE1}.Debug|x64.ActiveCfg = Debug|x64
		{B4395870-109F-49C7-84FB-E0AC2E123DE1}.Debug|x64.Build.0 = Debug|x64
		{B4395870-109F-49C7-84FB-E0AC2E123DE1}.Debug|x86.ActiveCfg = Debug|Win32
		{B4395870-109F-49C7-84FB-E0AC2E123DE1}.Debug|x86.Build.0 = Debug|Win32
		{B4395870-109F-49C7-84FB-E0AC2E123DE1}.Release|Any CPU.ActiveCfg = Release|Win32
		{B4395870-109F-49C7-84FB-E0AC2E123DE1}.Release|x64.ActiveCfg = Release|x64
		{B4395870-109F-49C7-84FB-E0AC2E123DE1}.Release|x64.Build.0 = Release|x64
		{B4395870-109F-49C7-84FB-E0AC2E123DE1}.Release|x86.ActiveCfg = Release|Win32
		{B4395870-109F-49C7-84FB-E0AC2E123DE1}.Release|x86.Build.0 = Release|Win32
		{738FA9A8-D64E-49F3-9252-2C529267873E}.Debug|Any CPU.ActiveCfg = Debug|Win32
		{738FA9A8-D64E-49F3-9252-2C529267873E}.Debug|x64.ActiveCfg = Debug|x64
		{738FA9A8-D64E-49F3-9252-2C529267873E}.Debug|x64.Build.0 = Debug|x64
		{738FA9A8-D64E-49F3-9252-2C529267873E}.Debug|x86.ActiveCfg = Debug|Win32
		{738FA9A8-D64E-49F3-9252-2C529267873E}.Debug|x86.Build.0 = Debug|Win32
		{738FA9A8-D64E-49F3-9252-2C529267873E}.Release|Any CPU.ActiveCfg = Release|Win32
		{738FA9A8-D64E-49F3-9252-2C529267873E}.Release|x64.ActiveCfg = Release|x64
		{738FA9A8-D64E-49F3-9252-2C529267873E}.Release|x64.Build.0 = Release|x64
		{738FA9A8-D64E-49F3-9252-2C529267873E}.Release|x86.ActiveCfg = Release|Win32
		{738FA9A8-D64E-49F3-9252-2C529267873E}.Release|x86.Build.0 = Release|Win32
		{64C539B1-F7DB-467F-9B27-2A8F4997ADF4}.Debug|Any CPU.ActiveCfg = Debug|Win32
		{64C539B1-F7DB-467F-9B27-2A8F4997ADF4}.Debug|x64.ActiveCfg = Debug|x64
		{64C539B1-F7DB-467F-9B27-2A8F4997ADF4}.Debug|x64.Build.0 = Debug|x64
		{64C539B1-F7DB-467F-9B27-2A8F4997ADF4}.Debug|x86.ActiveCfg = Debug|Win32
		{64C539B1-F7DB-467F-9B27-2A8F4997ADF4}.Debug|x86.Build.0 = Debug|Win32
		{64C539B1-F7DB-467F-9B27-2A8F4997ADF4}.Release|Any CPU.ActiveCfg = Release|Win32
		{64C539B1-F7DB-467F-9B27-2A8F4997ADF4}.Release|x64.ActiveCfg = Release|x64
		{64C539B1-F7DB-467F-9B27-2A8F4997ADF4}.Release|x64.Build.0 = Release|x64
		{64C539B1-F7DB-467F-9B27-2A8F4997ADF4}.Release|x86.ActiveCfg = Release|Win32
		{64C539B1-F7DB-467F-9B27-2A8F4997ADF4}.Release|x86.Build.0 = Release|Win32
		{760C5C38-FA5D-4FB7-97A7-90117D95A8AB}.Debug|Any CPU.ActiveCfg = Debug|Win32
		{760C5C38-FA5D-4FB7-97A7-90117D95A8AB}.Debug|x64.ActiveCfg = Debug|x64
		{760C5C38-FA5D-4FB7-97A7-90117D95A8AB}.Debug|x64.Build.0 = Debug|x64
		{760C5C38-FA5D-4FB7-97A7-90117D95A8AB}.Debug|x86.ActiveCfg = Debug|Win32
		{760C5C38-FA5D-4FB7-97A7-90117D95A8AB}.Debug|x86.Build.0 = Debug|Win32
		{760C5C38-FA5D-4FB7-97A7-90117D95A8AB}.Release|Any CPU.ActiveCfg = Release|Win32
		{760C5C38-FA5D-4FB7-97A7-90117D95A8AB}.Release|x64.ActiveCfg = Release|x64
		{760C5C38-FA5D-4FB7-97A7-90117D95A8AB}.Release|x64.Build.0 = Release|x64
		{760C5C38-FA5D-4FB7-97A7-90117D95A8AB}.Release|x86.ActiveCfg = Release|Win32
		{760C5C38-FA5D-4FB7-97A7-90117D95A8AB}.Release|x86.Build.0 = Release|Win32
		{2B442E23-3054-477A-98CF-A878818508F7}.Debug|Any CPU.ActiveCfg = Debug|Win32
		{2B442E23-3054-477A-98CF-A878818508F7}.Debug|x64.ActiveCfg = Debug|x64
		{2B442E23-3054-477A-98CF-A878818508F7}.Debug|x64.Build.0 = Debug|x64
		{2B442E23-3054-477A-98CF-A878818508F7}.Debug|x86.ActiveCfg = Debug|Win32
		{2B442E23-3054-477A-98CF-A878818508F7}.Debug|x86.Build.0 = Debug|Win32
		{2B442E23-3054-477A-98CF-A878818508F7}.Release|Any CPU.ActiveCfg = Release|Win32
		{2B442E23-3054-477A-98CF-A878818508F7}.Release|x64.ActiveCfg = Release|x64
		{2B442E23-3054-477A-98CF-A878818508F7}.Release|x64.Build.0 = Release|x64
		{2B442E23-3054-477A-98CF-A878818508F7}.Release|x86.ActiveCfg = Release|Win32
		{2B442E23-3054-477A-98CF-A878818508F7}.Release|x86.Build.0 = Release|Win32
		{9EB757DC-4A18-463C-99FD-D4DAAC51AA8D}.Debug|Any CPU.ActiveCfg = Debug|Win32
		{9EB757DC-4A18-463C-99FD-D4DAAC51AA8D}.Debug|x64.ActiveCfg = Debug|x64
		{9EB757DC-4A18-463C-99FD-D4DAAC51AA8D}.Debug|x64.Build.0 = Debug|x64
		{9EB757DC-4A18-463C-99FD-D4DAAC51AA8D}.Debug|x86.ActiveCfg = Debug|Win32
		{9EB757DC-4A18-463C-99FD-D4DAAC51AA8D}.Debug|x86.Build.0 = Debug|Win32
		{9EB757DC-4A18-463C-99FD-D4DAAC51AA8D}.Release|Any CPU.ActiveCfg = Release|Win32
		{9EB757DC-4A18-463C-99FD-D4DAAC51AA8D}.Release|x64.ActiveCfg = Release|x64
		{9EB757DC-4A18-463C-99FD-D4DAAC51AA8D}.Release|x64.Build.0 = Release|x64
		{9EB757DC-4A18-463C-99FD-D4DAAC51AA8D}.Release|x86.ActiveCfg = Release|Win32
		{9EB757DC-4A18-463C-99FD-D4DAAC51AA8D}.Release|x86.Build.0 = Release|Win32
		{9C769CF1-8505-4646-AF3E-95AB59AB51D5}.Debug|Any CPU.ActiveCfg = Debug|Win32
		{9C769CF1-8505-4646-AF3E-95AB59AB51D5}.Debug|x64.ActiveCfg = Debug|x64
		{9C769CF1-8505-4646-AF3E-95AB59AB51D5}.Debug|x64.Build.0 = Debug|x64
		{9C769CF1-8505-4646-AF3E-95AB59AB51D5}.Debug|x86.ActiveCfg = Debug|Win32
		{9C769CF1-8505-4646-AF3E-95AB59AB51D5}.Debug|x86.Build.0 = Debug|Win32
		{9C769CF1-8505-4646-AF3E-95AB59AB51D5}.Release|Any CPU.ActiveCfg = Release|Win32
		{9C769CF1-8505-4646-AF3E-95AB59AB51D5}.Release|x64.ActiveCfg = Release|x64
		{9C769CF1-8505-4646-AF3E-95AB59AB51D5}.Release|x64.Build.0 = Release|x64
		{9C769CF1-8505-4646-AF3E-95AB59AB51D5}.Release|x86.ActiveCfg = Release|Win32
		{9C769CF1-8505-4646-AF3E-95AB59AB51D5}.Release|x86.Build.0 = Release|Win32
		{D282183C-A573-4428-AB33-A93DD0816AAB}.Debug|Any CPU.ActiveCfg = Debug|Win32
		{D282183C-A573-4428-AB33-A93DD0816AAB}.Debug|x64.ActiveCfg = Debug|x64
		{D282183C-A573-4428-AB33-A93DD0816AAB}.Debug|x64.Build.0 = Debug|x64
		{D282183C-A573-4428-AB33-A93DD0816AAB}.Debug|x86.ActiveCfg = Debug|Win32
		{D282183C-A573-4428-AB33-A93DD0816AAB}.Debug|x86.Build.0 = Debug|Win32
		{D282183C-A573-4428-AB33-A93DD0816AAB}.Release|Any CPU.ActiveCfg = Release|Win32
		{D282183C-A573-4428-AB33-A93DD0816AAB}.Release|x64.ActiveCfg = Release|x64
		{D282183C-A573-4428-AB33-A93DD0816AAB}.Release|x64.Build.0 = Release|x64
		{D282183C-A573-4428-AB33-A93DD0816AAB}.Release|x86.ActiveCfg = Release|Win32
		{D282183C-A573-4428-AB33-A93DD0816AAB}.Release|x86.Build.0 = Release|Win32
		{D7E9CC52-4D78-4E2A-8557-8CC3408B5107}.Debug|Any CPU.ActiveCfg = Debug|Win32
		{D7E9CC52-4D78-4E2A-8557-8CC3408B5107}.Debug|x64.ActiveCfg = Debug|x64
		{D7E9CC52-4D78-4E2A-8557-8CC3408B5107}.Debug|x64.Build.0 = Debug|x64
		{D7E9CC52-4D78-4E2A-8557-8CC3408B5107}.Debug|x86.ActiveCfg = Debug|Win32
		{D7E9CC52-4D78-4E2A-8557-8CC3408B5107}.Debug|x86.Build.0 = Debug|Win32
		{D7E9CC52-4D78-4E2A-8557-8CC3408B5107}.Release|Any CPU.ActiveCfg = Release|Win32
		{D7E9CC52-4D78-4E2A-8557-8CC3408B5107}.Release|x64.ActiveCfg = Release|x64
		{D7E9CC52-4D78-4E2A-8557-8CC3408B5107}.Release|x64.Build.0 = Release|x64
		{D7E9CC52-4D78-4E2A-8557-8CC3408B5107}.Release|x86.ActiveCfg = Release|Win32
		{D7E9CC52-4D78-4E2A-8557-8CC3408B5107}.Release|x86.Build.0 = Release|Win32
		{304AE768-C7DF-4D51-8487-D0825EA6BC54}.Debug|Any CPU.ActiveCfg = Debug|Win32
		{304AE768-C7DF-4D51-8487-D0825EA6BC54}.Debug|x64.ActiveCfg = Debug|x64
		{304AE768-C7DF-4D51-8487-D0825EA6BC54}.Debug|x64.Build.0 = Debug|x64
		{304AE768-C7DF-4D51-8487-D0825EA6BC54}.Debug|x86.ActiveCfg = Debug|Win32
		{304AE768-C7DF-4D51-8487-D0825EA6BC54}.Debug|x86.Build.0 = Debug|Win32
		{304AE768-C7DF-4D51-8487-D0825EA6BC54}.Release|Any CPU.ActiveCfg = Release|Win32
		{304AE768-C7DF-4D51-8487-D0825EA6BC54}.Release|x64.ActiveCfg = Release|x64
		{304AE768-C7DF-4D51-8487-D0825EA6BC54}.Release|x64.Build.0 = Release|x64
		{304AE768-C7DF-4D51-8487-D0825EA6BC54}.Release|x86.ActiveCfg = Release|Win32
		{304AE768-C7DF-4D51-8487-D0825EA6BC54}.Release|x86.Build.0 = Release|Win32
		{DB98BD19-616E-46EB-9A3F-C5F6D00C32D1}.Debug|Any CPU.ActiveCfg = Debug|Win32
		{DB98BD19-616E-46EB-9A3F-C5F6D00C32D1}.Debug|x64.ActiveCfg = Debug|x64
		{DB98BD19-616E-46EB-9A3F-C5F6D00C32D1}.Debug|x64.Build.0 = Debug|x64
		{DB98BD19-616E-46EB-9A3F-C5F6D00C32D1}.Debug|x86.ActiveCfg = Debug|Win32
		{DB98BD19-616E-46EB-9A3F-C5F6D00C32D1}.Debug|x86.Build.0 = Debug|Win32
		{DB98BD19-616E-46EB-9A3F-C5F6D00C32D1}.Release|Any CPU.ActiveCfg = Release|Win32
		{DB98BD19-616E-46EB-9A3F-C5F6D00C32D1}.Release|x64.ActiveCfg = Release|x64
		{DB98BD19-616E-46EB-9A3F-C5F6D00C32D1}.Release|x64.Build.0 = Release|x64
		{DB98BD19-616E-46EB-9A3F-C5F6D00C32D1}.Release|x86.ActiveCfg = Release|Win32
		{DB98BD19-616E-46EB-9A3F-C5F6D00C32D1}.Release|x86.Build.0 = Release|Win32
		{874C7541-BDDA-4CCE-8CAD-7CDEF97C2F17}.Debug|Any CPU.ActiveCfg = Debug|Win32
		{874C7541-BDDA-4CCE-8CAD-7CDEF97C2F17}.Debug|x64.ActiveCfg = Debug|x64
		{874C7541-BDDA-4CCE-8CAD-7CDEF97C2F17}.Debug|x64.Build.0 = Debug|x64
		{874C7541-BDDA-4CCE-8CAD-7CDEF97C2F17}.Debug|x86.ActiveCfg = Debug|Win32
		{874C7541-BDDA-4CCE-8CAD-7CDEF97C2F17}.Debug|x86.Build.0 = Debug|Win32
		{874C7541-BDDA-4CCE-8CAD-7CDEF97C2F17}.Release|Any CPU.ActiveCfg = Release|Win32
		{874C7541-BDDA-4CCE-8CAD-7CDEF97C2F17}.Release|x64.ActiveCfg = Release|x64
		{874C7541-BDDA-4CCE-8CAD-7CDEF97C2F17}.Release|x64.Build.0 = Release|x64
		{874C7541-BDDA-4CCE-8CAD-7CDEF97C2F17}.Release|x86.ActiveCfg = Release|Win32
		{874C7541-BDDA-4CCE-8CAD-7CDEF97C2F17}.Release|x86.Build.0 = Release|Win32
		{FA46E715-5D8E-4DDC-B12B-C753790DFFF3}.Debug|Any CPU.ActiveCfg = Debug|Win32
		{FA46E715-5D8E-4DDC-B12B-C753790DFFF3}.Debug|x64.ActiveCfg = Debug|x64
		{FA46E715-5D8E-4DDC-B12B-C753790DFFF3}.Debug|x64.Build.0 = Debug|x64
		{FA46E715-5D8E-4DDC-B12B-C753790DFFF3}.Debug|x86.ActiveCfg = Debug|Win32
		{FA46E715-5D8E-4DDC-B12B-C753790DFFF3}.Debug|x86.Build.0 = Debug|Win32
		{FA46E715-5D8E-4DDC-B12B-C753790DFFF3}.Release|Any CPU.ActiveCfg = Release|Win32
		{FA46E715-5D8E-4DDC-B12B-C753790DFFF3}.Release|x64.ActiveCfg = Release|x64
		{FA46E715-5D8E-4DDC-B12B-C753790DFFF3}.Release|x64.Build.0 = Release|x64
		{FA46E715-5D8E-4DDC-B12B-C753790DFFF3}.Release|x86.ActiveCfg = Release|Win32
		{FA46E715-5D8E-4DDC-B12B-C753790DFFF3}.Release|x86.Build.0 = Release|Win32
		{2CAAB23D-BFDE-4AAC-B7A3-D5C361A4AD2F}.Debug|Any CPU.ActiveCfg = Debug|Win32
		{2CAAB23D-BFDE-4AAC-B7A3-D5C361A4AD2F}.Debug|x64.ActiveCfg = Debug|x64
		{2CAAB23D-BFDE-4AAC-B7A3-D5C361A4AD2F}.Debug|x64.Build.0 = Debug|x64
		{2CAAB23D-BFDE-4AAC-B7A3-D5C361A4AD2F}.Debug|x86.ActiveCfg = Debug|Win32
		{2CAAB23D-BFDE-4AAC-B7A3-D5C361A4AD2F}.Debug|x86.Build.0 = Debug|Win32
		{2CAAB23D-BFDE-4AAC-B7A3-D5C361A4AD2F}.Release|Any CPU.ActiveCfg = Release|Win32
		{2CAAB23D-BFDE-4AAC-B7A3-D5C361A4AD2F}.Release|x64.ActiveCfg = Release|x64
		{2CAAB23D-BFDE-4AAC-B7A3-D5C361A4AD2F}.Release|x64.Build.0 = Release|x64
		{2CAAB23D-BFDE-4AAC-B7A3-D5C361A4AD2F}.Release|x86.ActiveCfg = Release|Win32
		{2CAAB23D-BFDE-4AAC-B7A3-D5C361A4AD2F}.Release|x86.Build.0 = Release|Win32
		{B104B5B5-4B57-42C0-9C01-B266D3600ADA}.Debug|Any CPU.ActiveCfg = Debug|Win32
		{B104B5B5-4B57-42C0-9C01-B266D3600ADA}.Debug|x64.ActiveCfg = Debug|x64
		{B104B5B5-4B57-42C0-9C01-B266D3600ADA}.Debug|x64.Build.0 = Debug|x64
		{B104B5B5-4B57-42C0-9C01-B266D3600ADA}.Debug|x86.ActiveCfg = Debug|Win32
		{B104B5B5-4B57-42C0-9C01-B266D3600ADA}.Debug|x86.Build.0 = Debug|Win32
		{B104B5B5-4B57-42C0-9C01-B266D3600ADA}.Release|Any CPU.ActiveCfg = Release|Win32
		{B104B5B5-4B57-42C0-9C01-B266D3600ADA}.Release|x64.ActiveCfg = Release|x64
		{B104B5B5-4B57-42C0-9C01-B266D3600ADA}.Release|x64.Build.0 = Release|x64
		{B104B5B5-4B57-42C0-9C01-B266D3600ADA}.Release|x86.ActiveCfg = Release|Win32
		{B104B5B5-4B57-42C0-9C01-B266D3600ADA}.Release|x86.Build.0 = Release|Win32
		{A177B88A-0704-4518-B15F-D4D8F5178EB4}.Debug|Any CPU.ActiveCfg = Debug|Win32
		{A177B88A-0704-4518-B15F-D4D8F5178EB4}.Debug|x64.ActiveCfg = Debug|x64
		{A177B88A-0704-4518-B15F-D4D8F5178EB4}.Debug|x64.Build.0 = Debug|x64
		{A177B88A-0704-4518-B15F-D4D8F5178EB4}.Debug|x86.ActiveCfg = Debug|Win32
		{A177B88A-0704-4518-B15F-D4D8F5178EB4}.Debug|x86.Build.0 = Debug|Win32
		{A177B88A-0704-4518-B15F-D4D8F5178EB4}.Release|Any CPU.ActiveCfg = Release|Win32
		{A177B88A-0704-4518-B15F-D4D8F5178EB4}.Release|x64.ActiveCfg = Release|x64
		{A177B88A-0704-4518-B15F-D4D8F5178EB4}.Release|x64.Build.0 = Release|x64
		{A177B88A-0704-4518-B15F-D4D8F5178EB4}.Release|x86.ActiveCfg = Release|Win32
		{A177B88A-0704-4518-B15F-D4D8F5178EB4}.Release|x86.Build.0 = Release|Win32
		{62C70E2E-9DF1-491E-9CF1-88E69D1B5AD6}.Debug|Any CPU.ActiveCfg = Debug|Win32
		{62C70E2E-9DF1-491E-9CF1-88E69D1B5AD6}.Debug|x64.ActiveCfg = Debug|x64
		{62C70E2E-9DF1-491E-9CF1-88E69D1B5AD6}.Debug|x64.Build.0 = Debug|x64
		{62C70E2E-9DF1-491E-9CF1-88E69D1B5AD6}.Debug|x86.ActiveCfg = Debug|Win32
		{62C70E2E-9DF1-491E-9CF1-88E69D1B5AD6}.Debug|x86.Build.0 = Debug|Win32
		{62C70E2E-9DF1-491E-9CF1-88E69D1B5AD6}.Release|Any CPU.ActiveCfg = Release|Win32
		{62C70E2E-9DF1-491E-9CF1-88E69D1B5AD6}.Release|x64.ActiveCfg = Release|x64
		{62C70E2E-9DF1-491E-9CF1-88E69D1B5AD6}.Release|x64.Build.0 = Release|x64
		{62C70E2E-9DF1-491E-9CF1-88E69D1B5AD6}.Release|x86.ActiveCfg = Release|Win32
		{62C70E2E-9DF1-491E-9CF1-88E69D1B5AD6}.Release|x86.Build.0 = Release|Win32
		{D127FAB5-2441-4F4E-836F-817257998B26}.Debug|Any CPU.ActiveCfg = Debug|Win32
		{D127FAB5-2441-4F4E-836F-817257998B26}.Debug|x64.ActiveCfg = Debug|x64
		{D127FAB5-2441-4F4E-836F-817257998B26}.Debug|x64.Build.0 = Debug|x64
		{D127FAB5-2441-4F4E-836F-817257998B26}.Debug|x86.ActiveCfg = Debug|Win32
		{D127FAB5-2441-4F4E-836F-817257998B26}.Debug|x86.Build.0 = Debug|Win32
		{D127FAB5-2441-4F4E-836F-817257998B26}.Release|Any CPU.ActiveCfg = Release|Win32
		{D127FAB5-2441-4F4E-836F-817257998B26}.Release|x64.ActiveCfg = Release|x64
		{D127FAB5-2441-4F4E-836F-817257998B26}.Release|x64.Build.0 = Release|x64
		{D127FAB5-2441-4F4E-836F-817257998B26}.Release|x86.ActiveCfg = Release|Win32
		{D127FAB5-2441-4F4E-836F-817257998B26}.Release|x86.Build.0 = Release|Win32
		{A74BE485-A0E0-4209-8B3F-7D917E61BCB0}.Debug|Any CPU.ActiveCfg = Debug|Win32
		{A74BE485-A0E0-4209-8B3F-7D917E61BCB0}.Debug|x64.ActiveCfg = Debug|x64
		{A74BE485-A0E0-4209-8B3F-7D917E61BCB0}.Debug|x64.Build.0 = Debug|x64
		{A74BE485-A0E0-4209-8B3F-7D917E61BCB0}.Debug|x86.ActiveCfg = Debug|Win32
		{A74BE485-A0E0-4209-8B3F-7D917E61BCB0}.Debug|x86.Build.0 = Debug|Win32
		{A74BE485-A0E0-4209-8B3F-7D917E61BCB0}.Release|Any CPU.ActiveCfg = Release|Win32
		{A74BE485-A0E0-4209-8B3F-7D917E61BCB0}.Release|x64.ActiveCfg = Release|x64
		{A74BE485-A0E0-4209-8B3F-7D917E61BCB0}.Release|x64.Build.0 = Release|x64
		{A74BE485-A0E0-4209-8B3F-7D917E61BCB0}.Release|x86.ActiveCfg = Release|Win32
		{A74BE485-A0E0-4209-8B3F-7D917E61BCB0}.Release|x86.Build.0 = Release|Win32
		{C1687989-242C-4A8B-953E-30721730C2A9}.Debug|Any CPU.ActiveCfg = Debug|Win32
		{C1687989-242C-4A8B-953E-30721730C2A9}.Debug|x64.ActiveCfg = Debug|x64
		{C1687989-242C-4A8B-953E-30721730C2A9}.Debug|x64.Build.0 = Debug|x64
		{C1687989-242C-4A8B-953E-30721730C2A9}.Debug|x86.ActiveCfg = Debug|Win32
		{C1687989-242C-4A8B-953E-30721730C2A9}.Debug|x86.Build.0 = Debug|Win32
		{C1687989-242C-4A8B-953E-30721730C2A9}.Release|Any CPU.ActiveCfg = Release|Win32
		{C1687989-242C-4A8B-953E-30721730C2A9}.Release|x64.ActiveCfg = Release|x64
		{C1687989-242C-4A8B-953E-30721730C2A9}.Release|x64.Build.0 = Release|x64
		{C1687989-242C-4A8B-953E-30721730C2A9}.Release|x86.ActiveCfg = Release|Win32
		{C1687989-242C-4A8B-953E-30721730C2A9}.Release|x86.Build.0 = Release|Win32
		{4060AA96-B3BE-4FFD-A1A9-5DE6431A52C8}.Debug|Any CPU.ActiveCfg = Debug|Win32
		{4060AA96-B3BE-4FFD-A1A9-5DE6431A52C8}.Debug|x64.ActiveCfg = Debug|x64
		{4060AA96-B3BE-4FFD-A1A9-5DE6431A52C8}.Debug|x64.Build.0 = Debug|x64
		{4060AA96-B3BE-4FFD-A1A9-5DE6431A52C8}.Debug|x86.ActiveCfg = Debug|Win32
		{4060AA96-B3BE-4FFD-A1A9-5DE6431A52C8}.Debug|x86.Build.0 = Debug|Win32
		{4060AA96-B3BE-4FFD-A1A9-5DE6431A52C8}.Release|Any CPU.ActiveCfg = Release|Win32
		{4060AA96-B3BE-4FFD-A1A9-5DE6431A52C8}.Release|x64.ActiveCfg = Release|x64
		{4060AA96-B3BE-4FFD-A1A9-5DE6431A52C8}.Release|x64.Build.0 = Release|x64
		{4060AA96-B3BE-4FFD-A1A9-5DE6431A52C8}.Release|x86.ActiveCfg = Release|Win32
		{4060AA96-B3BE-4FFD-A1A9-5DE6431A52C8}.Release|x86.Build.0 = Release|Win32
		{581FA902-2564-4DC0-A629-108FE683B499}.Debug|Any CPU.ActiveCfg = Debug|Win32
		{581FA902-2564-4DC0-A629-108FE683B499}.Debug|x64.ActiveCfg = Debug|x64
		{581FA902-2564-4DC0-A629-108FE683B499}.Debug|x64.Build.0 = Debug|x64
		{581FA902-2564-4DC0-A629-108FE683B499}.Debug|x86.ActiveCfg = Debug|Win32
		{581FA902-2564-4DC0-A629-108FE683B499}.Debug|x86.Build.0 = Debug|Win32
		{581FA902-2564-4DC0-A629-108FE683B499}.Release|Any CPU.ActiveCfg = Release|Win32
		{581FA902-2564-4DC0-A629-108FE683B499}.Release|x64.ActiveCfg = Release|x64
		{581FA902-2564-4DC0-A629-108FE683B499}.Release|x64.Build.0 = Release|x64
		{581FA902-2564-4DC0-A629-108FE683B499}.Release|x86.ActiveCfg = Release|Win32
		{581FA902-2564-4DC0-A629-108FE683B499}.Release|x86.Build.0 = Release|Win32
		{8C64A85A-E0DE-4CE4-BB75-D9D59279A00D}.Debug|Any CPU.ActiveCfg = Debug|Win32
		{8C64A85A-E0DE-4CE4-BB75-D9D59279A00D}.Debug|x64.ActiveCfg = Debug|x64
		{8C64A85A-E0DE-4CE4-BB75-D9D59279A00D}.Debug|x64.Build.0 = Debug|x64
		{8C64A85A-E0DE-4CE4-BB75-D9D59279A00D}.Debug|x86.ActiveCfg = Debug|Win32
		{8C64A85A-E0DE-4CE4-BB75-D9D59279A00D}.Debug|x86.Build.0 = Debug|Win32
		{8C64A85A-E0DE-4CE4-BB75-D9D59279A00D}.Release|Any CPU.ActiveCfg = Release|Win32
		{8C64A85A-E0DE-4CE4-BB75-D9D59279A00D}.Release|x64.ActiveCfg = Release|x64
		{8C64A85A-E0DE-4CE4-BB75-D9D59279A00D}.Release|x64.Build.0 = Release|x64
		{8C64A85A-E0DE-4CE4-BB75-D9D59279A00D}.Release|x86.ActiveCfg = Release|Win32
		{8C64A85A-E0DE-4CE4-BB75-D9D59279A00D}.Release|x86.Build.0 = Release|Win32
		{015A3B14-BCFA-4C75-8ED0-1757034EC4FE}.Debug|Any CPU.ActiveCfg = Debug|Win32
		{015A3B14-BCFA-4C75-8ED0-1757034EC4FE}.Debug|x64.ActiveCfg = Debug|x64
		{015A3B14-BCFA-4C75-8ED0-1757034EC4FE}.Debug|x64.Build.0 = Debug|x64
		{015A3B14-BCFA-4C75-8ED0-1757034EC4FE}.Debug|x86.ActiveCfg = Debug|Win32
		{015A3B14-BCFA-4C75-8ED0-1757034EC4FE}.Debug|x86.Build.0 = Debug|Win32
		{015A3B14-BCFA-4C75-8ED0-1757034EC4FE}.Release|Any CPU.ActiveCfg = Release|Win32
		{015A3B14-BCFA-4C75-8ED0-1757034EC4FE}.Release|x64.ActiveCfg = Release|x64
		{015A3B14-BCFA-4C75-8ED0-1757034EC4FE}.Release|x64.Build.0 = Release|x64
		{015A3B14-BCFA-4C75-8ED0-1757034EC4FE}.Release|x86.ActiveCfg = Release|Win32
		{015A3B14-BCFA-4C75-8ED0-1757034EC4FE}.Release|x86.Build.0 = Release|Win32
		{9FD76E8D-0AB1-4C36-8DC1-46A80FC8FBA8}.Debug|Any CPU.ActiveCfg = Debug|Win32
		{9FD76E8D-0AB1-4C36-8DC1-46A80FC8FBA8}.Debug|x64.ActiveCfg = Debug|x64
		{9FD76E8D-0AB1-4C36-8DC1-46A80FC8FBA8}.Debug|x64.Build.0 = Debug|x64
		{9FD76E8D-0AB1-4C36-8DC1-46A80FC8FBA8}.Debug|x86.ActiveCfg = Debug|Win32
		{9FD76E8D-0AB1-4C36-8DC1-46A80FC8FBA8}.Debug|x86.Build.0 = Debug|Win32
		{9FD76E8D-0AB1-4C36-8DC1-46A80FC8FBA8}.Release|Any CPU.ActiveCfg = Release|Win32
		{9FD76E8D-0AB1-4C36-8DC1-46A80FC8FBA8}.Release|x64.ActiveCfg = Release|x64
		{9FD76E8D-0AB1-4C36-8DC1-46A80FC8FBA8}.Release|x64.Build.0 = Release|x64
		{9FD76E8D-0AB1-4C36-8DC1-46A80FC8FBA8}.Release|x86.ActiveCfg = Release|Win32
		{9FD76E8D-0AB1-4C36-8DC1-46A80FC8FBA8}.Release|x86.Build.0 = Release|Win32
		{650604BB-B654-400B-BC99-220635E4A462}.Debug|Any CPU.ActiveCfg = Debug|Win32
		{650604BB-B654-400B-BC99-220635E4A462}.Debug|x64.ActiveCfg = Debug|x64
		{650604BB-B654-400B-BC99-220635E4A462}.Debug|x64.Build.0 = Debug|x64
		{650604BB-B654-400B-BC99-220635E4A462}.Debug|x86.ActiveCfg = Debug|Win32
		{650604BB-B654-400B-BC99-220635E4A462}.Debug|x86.Build.0 = Debug|Win32
		{650604BB-B654-400B-BC99-220635E4A462}.Release|Any CPU.ActiveCfg = Release|Win32
		{650604BB-B654-400B-BC99-220635E4A462}.Release|x64.ActiveCfg = Release|x64
		{650604BB-B654-400B-BC99-220635E4A462}.Release|x64.Build.0 = Release|x64
		{650604BB-B654-400B-BC99-220635E4A462}.Release|x86.ActiveCfg = Release|Win32
		{650604BB-B654-400B-BC99-220635E4A462}.Release|x86.Build.0 = Release|Win32
		{19E954FC-0737-4CE7-B129-31DE7E2F3AEE}.Debug|Any CPU.ActiveCfg = Debug|Win32
		{19E954FC-0737-4CE7-B129-31DE7E2F3AEE}.Debug|x64.ActiveCfg = Debug|x64
		{19E954FC-0737-4CE7-B129-31DE7E2F3AEE}.Debug|x64.Build.0 = Debug|x64
		{19E954FC-0737-4CE7-B129-31DE7E2F3AEE}.Debug|x86.ActiveCfg = Debug|Win32
		{19E954FC-0737-4CE7-B129-31DE7E2F3AEE}.Debug|x86.Build.0 = Debug|Win32
		{19E954FC-0737-4CE7-B129-31DE7E2F3AEE}.Release|Any CPU.ActiveCfg = Release|Win32
		{19E954FC-0737-4CE7-B129-31DE7E2F3AEE}.Release|x64.ActiveCfg = Release|x64
		{19E954FC-0737-4CE7-B129-31DE7E2F3AEE}.Release|x64.Build.0 = Release|x64
		{19E954FC-0737-4CE7-B129-31DE7E2F3AEE}.Release|x86.ActiveCfg = Release|Win32
		{19E954FC-0737-4CE7-B129-31DE7E2F3AEE}.Release|x86.Build.0 = Release|Win32
		{8FFD15C8-8D8C-4317-974E-3BAD85B751B5}.Debug|Any CPU.ActiveCfg = Debug|Win32
		{8FFD15C8-8D8C-4317-974E-3BAD85B751B5}.Debug|x64.ActiveCfg = Debug|x64
		{8FFD15C8-8D8C-4317-974E-3BAD85B751B5}.Debug|x64.Build.0 = Debug|x64
		{8FFD15C8-8D8C-4317-974E-3BAD85B751B5}.Debug|x86.ActiveCfg = Debug|Win32
		{8FFD15C8-8D8C-4317-974E-3BAD85B751B5}.Debug|x86.Build.0 = Debug|Win32
		{8FFD15C8-8D8C-4317-974E-3BAD85B751B5}.Release|Any CPU.ActiveCfg = Release|Win32
		{8FFD15C8-8D8C-4317-974E-3BAD85B751B5}.Release|x64.ActiveCfg = Release|x64
		{8FFD15C8-8D8C-4317-974E-3BAD85B751B5}.Release|x64.Build.0 = Release|x64
		{8FFD15C8-8D8C-4317-974E-3BAD85B751B5}.Release|x86.ActiveCfg = Release|Win32
		{8FFD15C8-8D8C-4317-974E-3BAD85B751B5}.Release|x86.Build.0 = Release|Win32
		{2E4AD401-CA5E-4532-9EC8-BFF624649EE1}.Debug|Any CPU.ActiveCfg = Debug|Win32
		{2E4AD401-CA5E-4532-9EC8-BFF624649EE1}.Debug|x64.ActiveCfg = Debug|x64
		{2E4AD401-CA5E-4532-9EC8-BFF624649EE1}.Debug|x64.Build.0 = Debug|x64
		{2E4AD401-CA5E-4532-9EC8-BFF624649EE1}.Debug|x86.ActiveCfg = Debug|Win32
		{2E4AD401-CA5E-4532-9EC8-BFF624649EE1}.Debug|x86.Build.0 = Debug|Win32
		{2E4AD401-CA5E-4532-9EC8-BFF624649EE1}.Release|Any CPU.ActiveCfg = Release|Win32
		{2E4AD401-CA5E-4532-9EC8-BFF624649EE1}.Release|x64.ActiveCfg = Release|x64
		{2E4AD401-CA5E-4532-9EC8-BFF624649EE1}.Release|x64.Build.0 = Release|x64
		{2E4AD401-CA5E-4532-9EC8-BFF624649EE1}.Release|x86.ActiveCfg = Release|Win32
		{2E4AD401-CA5E-4532-9EC8-BFF624649EE1}.Release|x86.Build.0 = Release|Win32
		{F337F223-8C4B-4B29-9022-B2AB8D1DC7C6}.Debug|Any CPU.ActiveCfg = Debug|Win32
		{F337F223-8C4B-4B29-9022-B2AB8D1DC7C6}.Debug|x64.ActiveCfg = Debug|x64
		{F337F223-8C4B-4B29-9022-B2AB8D1DC7C6}.Debug|x64.Build.0 = Debug|x64
		{F337F223-8C4B-4B29-9022-B2AB8D1DC7C6}.Debug|x86.ActiveCfg = Debug|Win32
		{F337F223-8C4B-4B29-9022-B2AB8D1DC7C6}.Debug|x86.Build.0 = Debug|Win32
		{F337F223-8C4B-4B29-9022-B2AB8D1DC7C6}.Release|Any CPU.ActiveCfg = Release|Win32
		{F337F223-8C4B-4B29-9022-B2AB8D1DC7C6}.Release|x64.ActiveCfg = Release|x64
		{F337F223-8C4B-4B29-9022-B2AB8D1DC7C6}.Release|x64.Build.0 = Release|x64
		{F337F223-8C4B-4B29-9022-B2AB8D1DC7C6}.Release|x86.ActiveCfg = Release|Win32
		{F337F223-8C4B-4B29-9022-B2AB8D1DC7C6}.Release|x86.Build.0 = Release|Win32
		{BF2127A4-630A-448E-925E-2FBDDBCE467C}.Debug|Any CPU.ActiveCfg = Debug|Win32
		{BF2127A4-630A-448E-925E-2FBDDBCE467C}.Debug|x64.ActiveCfg = Debug|x64
		{BF2127A4-630A-448E-925E-2FBDDBCE467C}.Debug|x64.Build.0 = Debug|x64
		{BF2127A4-630A-448E-925E-2FBDDBCE467C}.Debug|x86.ActiveCfg = Debug|Win32
		{BF2127A4-630A-448E-925E-2FBDDBCE467C}.Debug|x86.Build.0 = Debug|Win32
		{BF2127A4-630A-448E-925E-2FBDDBCE467C}.Release|Any CPU.ActiveCfg = Release|Win32
		{BF2127A4-630A-448E-925E-2FBDDBCE467C}.Release|x64.ActiveCfg = Release|x64
		{BF2127A4-630A-448E-925E-2FBDDBCE467C}.Release|x64.Build.0 = Release|x64
		{BF2127A4-630A-448E-925E-2FBDDBCE467C}.Release|x86.ActiveCfg = Release|Win32
		{BF2127A4-630A-448E-925E-2FBDDBCE467C}.Release|x86.Build.0 = Release|Win32
		{E54A599D-B2B4-4D74-A625-AC0BA2320E77}.Debug|Any CPU.ActiveCfg = Debug|Win32
		{E54A599D-B2B4-4D74-A625-AC0BA2320E77}.Debug|x64.ActiveCfg = Debug|x64
		{E54A599D-B2B4-4D74-A625-AC0BA2320E77}.Debug|x64.Build.0 = Debug|x64
		{E54A599D-B2B4-4D74-A625-AC0BA2320E77}.Debug|x86.ActiveCfg = Debug|Win32
		{E54A599D-B2B4-4D74-A625-AC0BA2320E77}.Debug|x86.Build.0 = Debug|Win32
		{E54A599D-B2B4-4D74-A625-AC0BA2320E77}.Release|Any CPU.ActiveCfg = Release|Win32
		{E54A599D-B2B4-4D74-A625-AC0BA2320E77}.Release|x64.ActiveCfg = Release|x64
		{E54A599D-B2B4-4D74-A625-AC0BA2320E77}.Release|x64.Build.0 = Release|x64
		{E54A599D-B2B4-4D74-A625-AC0BA2320E77}.Release|x86.ActiveCfg = Release|Win32
		{E54A599D-B2B4-4D74-A625-AC0BA2320E77}.Release|x86.Build.0 = Release|Win32
		{EDB9E302-8358-4E2C-97B6-93F0AA1638F5}.Debug|Any CPU.ActiveCfg = Debug|Win32
		{EDB9E302-8358-4E2C-97B6-93F0AA1638F5}.Debug|x64.ActiveCfg = Debug|x64
		{EDB9E302-8358-4E2C-97B6-93F0AA1638F5}.Debug|x64.Build.0 = Debug|x64
		{EDB9E302-8358-4E2C-97B6-93F0AA1638F5}.Debug|x86.ActiveCfg = Debug|Win32
		{EDB9E302-8358-4E2C-97B6-93F0AA1638F5}.Debug|x86.Build.0 = Debug|Win32
		{EDB9E302-8358-4E2C-97B6-93F0AA1638F5}.Release|Any CPU.ActiveCfg = Release|Win32
		{EDB9E302-8358-4E2C-97B6-93F0AA1638F5}.Release|x64.ActiveCfg = Release|x64
		{EDB9E302-8358-4E2C-97B6-93F0AA1638F5}.Release|x64.Build.0 = Release|x64
		{EDB9E302-8358-4E2C-97B6-93F0AA1638F5}.Release|x86.ActiveCfg = Release|Win32
		{EDB9E302-8358-4E2C-97B6-93F0AA1638F5}.Release|x86.Build.0 = Release|Win32
		{8FA497A9-0C92-493E-9C4A-3B4CD3DFBED0}.Debug|Any CPU.ActiveCfg = Debug|Win32
		{8FA497A9-0C92-493E-9C4A-3B4CD3DFBED0}.Debug|x64.ActiveCfg = Debug|x64
		{8FA497A9-0C92-493E-9C4A-3B4CD3DFBED0}.Debug|x64.Build.0 = Debug|x64
		{8FA497A9-0C92-493E-9C4A-3B4CD3DFBED0}.Debug|x86.ActiveCfg = Debug|Win32
		{8FA497A9-0C92-493E-9C4A-3B4CD3DFBED0}.Debug|x86.Build.0 = Debug|Win32
		{8FA497A9-0C92-493E-9C4A-3B4CD3DFBED0}.Release|Any CPU.ActiveCfg = Release|Win32
		{8FA497A9-0C92-493E-9C4A-3B4CD3DFBED0}.Release|x64.ActiveCfg = Release|x64
		{8FA497A9-0C92-493E-9C4A-3B4CD3DFBED0}.Release|x64.Build.0 = Release|x64
		{8FA497A9-0C92-493E-9C4A-3B4CD3DFBED0}.Release|x86.ActiveCfg = Release|Win32
		{8FA497A9-0C92-493E-9C4A-3B4CD3DFBED0}.Release|x86.Build.0 = Release|Win32
		{D8849E83-4EFC-493D-947A-457227E4CA70}.Debug|Any CPU.ActiveCfg = Debug|Win32
		{D8849E83-4EFC-493D-947A-457227E4CA70}.Debug|x64.ActiveCfg = Debug|x64
		{D8849E83-4EFC-493D-947A-457227E4CA70}.Debug|x64.Build.0 = Debug|x64
		{D8849E83-4EFC-493D-947A-457227E4CA70}.Debug|x86.ActiveCfg = Debug|Win32
		{D8849E83-4EFC-493D-947A-457227E4CA70}.Debug|x86.Build.0 = Debug|Win32
		{D8849E83-4EFC-493D-947A-457227E4CA70}.Release|Any CPU.ActiveCfg = Release|Win32
		{D8849E83-4EFC-493D-947A-457227E4CA70}.Release|x64.ActiveCfg = Release|x64
		{D8849E83-4EFC-493D-947A-457227E4CA70}.Release|x64.Build.0 = Release|x64
		{D8849E83-4EFC-493D-947A-457227E4CA70}.Release|x86.ActiveCfg = Release|Win32
		{D8849E83-4EFC-493D-947A-457227E4CA70}.Release|x86.Build.0 = Release|Win32
		{8BA40C71-96ED-4C91-9537-65F1B870D2B8}.Debug|Any CPU.ActiveCfg = Debug|Win32
		{8BA40C71-96ED-4C91-9537-65F1B870D2B8}.Debug|x64.ActiveCfg = Debug|x64
		{8BA40C71-96ED-4C91-9537-65F1B870D2B8}.Debug|x64.Build.0 = Debug|x64
		{8BA40C71-96ED-4C91-9537-65F1B870D2B8}.Debug|x86.ActiveCfg = Debug|Win32
		{8BA40C71-96ED-4C91-9537-65F1B870D2B8}.Debug|x86.Build.0 = Debug|Win32
		{8BA40C71-96ED-4C91-9537-65F1B870D2B8}.Release|Any CPU.ActiveCfg = Release|Win32
		{8BA40C71-96ED-4C91-9537-65F1B870D2B8}.Release|x64.ActiveCfg = Release|x64
		{8BA40C71-96ED-4C91-9537-65F1B870D2B8}.Release|x64.Build.0 = Release|x64
		{8BA40C71-96ED-4C91-9537-65F1B870D2B8}.Release|x86.ActiveCfg = Release|Win32
		{8BA40C71-96ED-4C91-9537-65F1B870D2B8}.Release|x86.Build.0 = Release|Win32
		{8223552B-2685-43C1-83E7-5B5C8F35FAB0}.Debug|Any CPU.ActiveCfg = Debug|Win32
		{8223552B-2685-43C1-83E7-5B5C8F35FAB0}.Debug|x64.ActiveCfg = Debug|x64
		{8223552B-2685-43C1-83E7-5B5C8F35FAB0}.Debug|x64.Build.0 = Debug|x64
		{8223552B-2685-43C1-83E7-5B5C8F35FAB0}.Debug|x86.ActiveCfg = Debug|Win32
		{8223552B-2685-43C1-83E7-5B5C8F35FAB0}.Debug|x86.Build.0 = Debug|Win32
		{8223552B-2685-43C1-83E7-5B5C8F35FAB0}.Release|Any CPU.ActiveCfg = Release|Win32
		{8223552B-2685-43C1-83E7-5B5C8F35FAB0}.Release|x64.ActiveCfg = Release|x64
		{8223552B-2685-43C1-83E7-5B5C8F35FAB0}.Release|x64.Build.0 = Release|x64
		{8223552B-2685-43C1-83E7-5B5C8F35FAB0}.Release|x86.ActiveCfg = Release|Win32
		{8223552B-2685-43C1-83E7-5B5C8F35FAB0}.Release|x86.Build.0 = Release|Win32
		{1CAB81DA-822F-48D5-AD32-268C5846EDFF}.Debug|Any CPU.ActiveCfg = Debug|Win32
		{1CAB81DA-822F-48D5-AD32-268C5846EDFF}.Debug|x64.ActiveCfg = Debug|x64
		{1CAB81DA-822F-48D5-AD32-268C5846EDFF}.Debug|x64.Build.0 = Debug|x64
		{1CAB81DA-822F-48D5-AD32-268C5846EDFF}.Debug|x86.ActiveCfg = Debug|Win32
		{1CAB81DA-822F-48D5-AD32-268C5846EDFF}.Debug|x86.Build.0 = Debug|Win32
		{1CAB81DA-822F-48D5-AD32-268C5846EDFF}.Release|Any CPU.ActiveCfg = Release|Win32
		{1CAB81DA-822F-48D5-AD32-268C5846EDFF}.Release|x64.ActiveCfg = Release|x64
		{1CAB81DA-822F-48D5-AD32-268C5846EDFF}.Release|x64.Build.0 = Release|x64
		{1CAB81DA-822F-48D5-AD32-268C5846EDFF}.Release|x86.ActiveCfg = Release|Win32
		{1CAB81DA-822F-48D5-AD32-268C5846EDFF}.Release|x86.Build.0 = Release|Win32
		{4FB9CEBF-8522-44AF-AA36-07E8F8442C4A}.Debug|Any CPU.ActiveCfg = Debug|Win32
		{4FB9CEBF-8522-44AF-AA36-07E8F8442C4A}.Debug|x64.ActiveCfg = Debug|x64
		{4FB9CEBF-8522-44AF-AA36-07E8F8442C4A}.Debug|x64.Build.0 = Debug|x64
		{4FB9CEBF-8522-44AF-AA36-07E8F8442C4A}.Debug|x86.ActiveCfg = Debug|Win32
		{4FB9CEBF-8522-44AF-AA36-07E8F8442C4A}.Debug|x86.Build.0 = Debug|Win32
		{4FB9CEBF-8522-44AF-AA36-07E8F8442C4A}.Release|Any CPU.ActiveCfg = Release|Win32
		{4FB9CEBF-8522-44AF-AA36-07E8F8442C4A}.Release|x64.ActiveCfg = Release|x64
		{4FB9CEBF-8522-44AF-AA36-07E8F8442C4A}.Release|x64.Build.0 = Release|x64
		{4FB9CEBF-8522-44AF-AA36-07E8F8442C4A}.Release|x86.ActiveCfg = Release|Win32
		{4FB9CEBF-8522-44AF-AA36-07E8F8442C4A}.Release|x86.Build.0 = Release|Win32
		{7AD0A822-61BD-4F05-8128-D7C65E4643C3}.Debug|Any CPU.ActiveCfg = Debug|Win32
		{7AD0A822-61BD-4F05-8128-D7C65E4643C3}.Debug|x64.ActiveCfg = Debug|x64
		{7AD0A822-61BD-4F05-8128-D7C65E4643C3}.Debug|x64.Build.0 = Debug|x64
		{7AD0A822-61BD-4F05-8128-D7C65E4643C3}.Debug|x86.ActiveCfg = Debug|Win32
		{7AD0A822-61BD-4F05-8128-D7C65E4643C3}.Debug|x86.Build.0 = Debug|Win32
		{7AD0A822-61BD-4F05-8128-D7C65E4643C3}.Release|Any CPU.ActiveCfg = Release|Win32
		{7AD0A822-61BD-4F05-8128-D7C65E4643C3}.Release|x64.ActiveCfg = Release|x64
		{7AD0A822-61BD-4F05-8128-D7C65E4643C3}.Release|x64.Build.0 = Release|x64
		{7AD0A822-61BD-4F05-8128-D7C65E4643C3}.Release|x86.ActiveCfg = Release|Win32
		{7AD0A822-61BD-4F05-8128-D7C65E4643C3}.Release|x86.Build.0 = Release|Win32
		{99FDECE9-8D68-467F-9712-5B3D208EF61F}.Debug|Any CPU.ActiveCfg = Debug|Win32
		{99FDECE9-8D68-467F-9712-5B3D208EF61F}.Debug|x64.ActiveCfg = Debug|x64
		{99FDECE9-8D68-467F-9712-5B3D208EF61F}.Debug|x64.Build.0 = Debug|x64
		{99FDECE9-8D68-467F-9712-5B3D208EF61F}.Debug|x86.ActiveCfg = Debug|Win32
		{99FDECE9-8D68-467F-9712-5B3D208EF61F}.Debug|x86.Build.0 = Debug|Win32
		{99FDECE9-8D68-467F-9712-5B3D208EF61F}.Release|Any CPU.ActiveCfg = Release|Win32
		{99FDECE9-8D68-467F-9712-5B3D208EF61F}.Release|x64.ActiveCfg = Release|x64
		{99FDECE9-8D68-467F-9712-5B3D208EF61F}.Release|x64.Build.0 = Release|x64
		{99FDECE9-8D68-467F-9712-5B3D208EF61F}.Release|x86.ActiveCfg = Release|Win32
		{99FDECE9-8D68-467F-9712-5B3D208EF61F}.Release|x86.Build.0 = Release|Win32
		{40DFB9FC-4FC5-4B88-9242-9F574FF720AE}.Debug|Any CPU.ActiveCfg = Debug|Win32
		{40DFB9FC-4FC5-4B88-9242-9F574FF720AE}.Debug|x64.ActiveCfg = Debug|x64
		{40DFB9FC-4FC5-4B88-9242-9F574FF720AE}.Debug|x64.Build.0 = Debug|x64
		{40DFB9FC-4FC5-4B88-9242-9F574FF720AE}.Debug|x86.ActiveCfg = Debug|Win32
		{40DFB9FC-4FC5-4B88-9242-9F574FF720AE}.Debug|x86.Build.0 = Debug|Win32
		{40DFB9FC-4FC5-4B88-9242-9F574FF720AE}.Release|Any CPU.ActiveCfg = Release|Win32
		{40DFB9FC-4FC5-4B88-9242-9F574FF720AE}.Release|x64.ActiveCfg = Release|x64
		{40DFB9FC-4FC5-4B88-9242-9F574FF720AE}.Release|x64.Build.0 = Release|x64
		{40DFB9FC-4FC5-4B88-9242-9F574FF720AE}.Release|x86.ActiveCfg = Release|Win32
		{40DFB9FC-4FC5-4B88-9242-9F574FF720AE}.Release|x86.Build.0 = Release|Win32
		{1668387E-FB3C-44AA-9B9F-AA377C65D6DC}.Debug|Any CPU.ActiveCfg = Debug|Win32
		{1668387E-FB3C-44AA-9B9F-AA377C65D6DC}.Debug|x64.ActiveCfg = Debug|x64
		{1668387E-FB3C-44AA-9B9F-AA377C65D6DC}.Debug|x64.Build.0 = Debug|x64
		{1668387E-FB3C-44AA-9B9F-AA377C65D6DC}.Debug|x86.ActiveCfg = Debug|Win32
		{1668387E-FB3C-44AA-9B9F-AA377C65D6DC}.Debug|x86.Build.0 = Debug|Win32
		{1668387E-FB3C-44AA-9B9F-AA377C65D6DC}.Release|Any CPU.ActiveCfg = Release|Win32
		{1668387E-FB3C-44AA-9B9F-AA377C65D6DC}.Release|x64.ActiveCfg = Release|x64
		{1668387E-FB3C-44AA-9B9F-AA377C65D6DC}.Release|x64.Build.0 = Release|x64
		{1668387E-FB3C-44AA-9B9F-AA377C65D6DC}.Release|x86.ActiveCfg = Release|Win32
		{1668387E-FB3C-44AA-9B9F-AA377C65D6DC}.Release|x86.Build.0 = Release|Win32
		{B6B8C47F-934C-4E76-AFA8-69E9EBD2B3BA}.Debug|Any CPU.ActiveCfg = Debug|Win32
		{B6B8C47F-934C-4E76-AFA8-69E9EBD2B3BA}.Debug|x64.ActiveCfg = Debug|x64
		{B6B8C47F-934C-4E76-AFA8-69E9EBD2B3BA}.Debug|x64.Build.0 = Debug|x64
		{B6B8C47F-934C-4E76-AFA8-69E9EBD2B3BA}.Debug|x86.ActiveCfg = Debug|Win32
		{B6B8C47F-934C-4E76-AFA8-69E9EBD2B3BA}.Debug|x86.Build.0 = Debug|Win32
		{B6B8C47F-934C-4E76-AFA8-69E9EBD2B3BA}.Release|Any CPU.ActiveCfg = Release|Win32
		{B6B8C47F-934C-4E76-AFA8-69E9EBD2B3BA}.Release|x64.ActiveCfg = Release|x64
		{B6B8C47F-934C-4E76-AFA8-69E9EBD2B3BA}.Release|x64.Build.0 = Release|x64
		{B6B8C47F-934C-4E76-AFA8-69E9EBD2B3BA}.Release|x86.ActiveCfg = Release|Win32
		{B6B8C47F-934C-4E76-AFA8-69E9EBD2B3BA}.Release|x86.Build.0 = Release|Win32
		{B64DA4B0-7C66-44BC-BA09-FB18E42CCCEE}.Debug|Any CPU.ActiveCfg = Debug|Win32
		{B64DA4B0-7C66-44BC-BA09-FB18E42CCCEE}.Debug|x64.ActiveCfg = Debug|x64
		{B64DA4B0-7C66-44BC-BA09-FB18E42CCCEE}.Debug|x64.Build.0 = Debug|x64
		{B64DA4B0-7C66-44BC-BA09-FB18E42CCCEE}.Debug|x86.ActiveCfg = Debug|Win32
		{B64DA4B0-7C66-44BC-BA09-FB18E42CCCEE}.Debug|x86.Build.0 = Debug|Win32
		{B64DA4B0-7C66-44BC-BA09-FB18E42CCCEE}.Release|Any CPU.ActiveCfg = Release|Win32
		{B64DA4B0-7C66-44BC-BA09-FB18E42CCCEE}.Release|x64.ActiveCfg = Release|x64
		{B64DA4B0-7C66-44BC-BA09-FB18E42CCCEE}.Release|x64.Build.0 = Release|x64
		{B64DA4B0-7C66-44BC-BA09-FB18E42CCCEE}.Release|x86.ActiveCfg = Release|Win32
		{B64DA4B0-7C66-44BC-BA09-FB18E42CCCEE}.Release|x86.Build.0 = Release|Win32
		{2D287E8E-0665-4AFE-B715-4C7F3CF49AA3}.Debug|Any CPU.ActiveCfg = Debug|Win32
		{2D287E8E-0665-4AFE-B715-4C7F3CF49AA3}.Debug|x64.ActiveCfg = Debug|x64
		{2D287E8E-0665-4AFE-B715-4C7F3CF49AA3}.Debug|x64.Build.0 = Debug|x64
		{2D287E8E-0665-4AFE-B715-4C7F3CF49AA3}.Debug|x86.ActiveCfg = Debug|Win32
		{2D287E8E-0665-4AFE-B715-4C7F3CF49AA3}.Debug|x86.Build.0 = Debug|Win32
		{2D287E8E-0665-4AFE-B715-4C7F3CF49AA3}.Release|Any CPU.ActiveCfg = Release|Win32
		{2D287E8E-0665-4AFE-B715-4C7F3CF49AA3}.Release|x64.ActiveCfg = Release|x64
		{2D287E8E-0665-4AFE-B715-4C7F3CF49AA3}.Release|x64.Build.0 = Release|x64
		{2D287E8E-0665-4AFE-B715-4C7F3CF49AA3}.Release|x86.ActiveCfg = Release|Win32
		{2D287E8E-0665-4AFE-B715-4C7F3CF49AA3}.Release|x86.Build.0 = Release|Win32
		{7F2FD2C4-E26B-4100-A6D9-05BA1F3C9458}.Debug|Any CPU.ActiveCfg = Debug|Win32
		{7F2FD2C4-E26B-4100-A6D9-05BA1F3C9458}.Debug|x64.ActiveCfg = Debug|x64
		{7F2FD2C4-E26B-4100-A6D9-05BA1F3C9458}.Debug|x64.Build.0 = Debug|x64
		{7F2FD2C4-E26B-4100-A6D9-05BA1F3C9458}.Debug|x86.ActiveCfg = Debug|Win32
		{7F2FD2C4-E26B-4100-A6D9-05BA1F3C9458}.Debug|x86.Build.0 = Debug|Win32
		{7F2FD2C4-E26B-4100-A6D9-05BA1F3C9458}.Release|Any CPU.ActiveCfg = Release|Win32
		{7F2FD2C4-E26B-4100-A6D9-05BA1F3C9458}.Release|x64.ActiveCfg = Release|x64
		{7F2FD2C4-E26B-4100-A6D9-05BA1F3C9458}.Release|x64.Build.0 = Release|x64
		{7F2FD2C4-E26B-4100-A6D9-05BA1F3C9458}.Release|x86.ActiveCfg = Release|Win32
		{7F2FD2C4-E26B-4100-A6D9-05BA1F3C9458}.Release|x86.Build.0 = Release|Win32
		{F18DA8AF-8F02-400F-B9B3-8740969B64A2}.Debug|Any CPU.ActiveCfg = Debug|Win32
		{F18DA8AF-8F02-400F-B9B3-8740969B64A2}.Debug|x64.ActiveCfg = Debug|x64
		{F18DA8AF-8F02-400F-B9B3-8740969B64A2}.Debug|x64.Build.0 = Debug|x64
		{F18DA8AF-8F02-400F-B9B3-8740969B64A2}.Debug|x86.ActiveCfg = Debug|Win32
		{F18DA8AF-8F02-400F-B9B3-8740969B64A2}.Debug|x86.Build.0 = Debug|Win32
		{F18DA8AF-8F02-400F-B9B3-8740969B64A2}.Release|Any CPU.ActiveCfg = Release|Win32
		{F18DA8AF-8F02-400F-B9B3-8740969B64A2}.Release|x64.ActiveCfg = Release|x64
		{F18DA8AF-8F02-400F-B9B3-8740969B64A2}.Release|x64.Build.0 = Release|x64
		{F18DA8AF-8F02-400F-B9B3-8740969B64A2}.Release|x86.ActiveCfg = Release|Win32
		{F18DA8AF-8F02-400F-B9B3-8740969B64A2}.Release|x86.Build.0 = Release|Win32
		{7BDF9287-CE17-400E-8164-F63B6E708F24}.Debug|Any CPU.ActiveCfg = Debug|Win32
		{7BDF9287-CE17-400E-8164-F63B6E708F24}.Debug|x64.ActiveCfg = Debug|x64
		{7BDF9287-CE17-400E-8164-F63B6E708F24}.Debug|x64.Build.0 = Debug|x64
		{7BDF9287-CE17-400E-8164-F63B6E708F24}.Debug|x86.ActiveCfg = Debug|Win32
		{7BDF9287-CE17-400E-8164-F63B6E708F24}.Debug|x86.Build.0 = Debug|Win32
		{7BDF9287-CE17-400E-8164-F63B6E708F24}.Release|Any CPU.ActiveCfg = Release|Win32
		{7BDF9287-CE17-400E-8164-F63B6E708F24}.Release|x64.ActiveCfg = Release|x64
		{7BDF9287-CE17-400E-8164-F63B6E708F24}.Release|x64.Build.0 = Release|x64
		{7BDF9287-CE17-400E-8164-F63B6E708F24}.Release|x86.ActiveCfg = Release|Win32
		{7BDF9287-CE17-400E-8164-F63B6E708F24}.Release|x86.Build.0 = Release|Win32
		{32499BA8-3327-43D3-8E2F-4B8CF0D2AD60}.Debug|Any CPU.ActiveCfg = Debug|Win32
		{32499BA8-3327-43D3-8E2F-4B8CF0D2AD60}.Debug|x64.ActiveCfg = Debug|x64
		{32499BA8-3327-43D3-8E2F-4B8CF0D2AD60}.Debug|x64.Build.0 = Debug|x64
		{32499BA8-3327-43D3-8E2F-4B8CF0D2AD60}.Debug|x86.ActiveCfg = Debug|Win32
		{32499BA8-3327-43D3-8E2F-4B8CF0D2AD60}.Debug|x86.Build.0 = Debug|Win32
		{32499BA8-3327-43D3-8E2F-4B8CF0D2AD60}.Release|Any CPU.ActiveCfg = Release|Win32
		{32499BA8-3327-43D3-8E2F-4B8CF0D2AD60}.Release|x64.ActiveCfg = Release|x64
		{32499BA8-3327-43D3-8E2F-4B8CF0D2AD60}.Release|x64.Build.0 = Release|x64
		{32499BA8-3327-43D3-8E2F-4B8CF0D2AD60}.Release|x86.ActiveCfg = Release|Win32
		{32499BA8-3327-43D3-8E2F-4B8CF0D2AD60}.Release|x86.Build.0 = Release|Win32
		{6E524073-B8AF-4456-8724-F00BE53C40F4}.Debug|Any CPU.ActiveCfg = Debug|Win32
		{6E524073-B8AF-4456-8724-F00BE53C40F4}.Debug|x64.ActiveCfg = Debug|x64
		{6E524073-B8AF-4456-8724-F00BE53C40F4}.Debug|x64.Build.0 = Debug|x64
		{6E524073-B8AF-4456-8724-F00BE53C40F4}.Debug|x86.ActiveCfg = Debug|Win32
		{6E524073-B8AF-4456-8724-F00BE53C40F4}.Debug|x86.Build.0 = Debug|Win32
		{6E524073-B8AF-4456-8724-F00BE53C40F4}.Release|Any CPU.ActiveCfg = Release|Win32
		{6E524073-B8AF-4456-8724-F00BE53C40F4}.Release|x64.ActiveCfg = Release|x64
		{6E524073-B8AF-4456-8724-F00BE53C40F4}.Release|x64.Build.0 = Release|x64
		{6E524073-B8AF-4456-8724-F00BE53C40F4}.Release|x86.ActiveCfg = Release|Win32
		{6E524073-B8AF-4456-8724-F00BE53C40F4}.Release|x86.Build.0 = Release|Win32
		{62D26A99-11D6-4356-822F-EEFF73B6F2DB}.Debug|Any CPU.ActiveCfg = Debug|Win32
		{62D26A99-11D6-4356-822F-EEFF73B6F2DB}.Debug|x64.ActiveCfg = Debug|x64
		{62D26A99-11D6-4356-822F-EEFF73B6F2DB}.Debug|x64.Build.0 = Debug|x64
		{62D26A99-11D6-4356-822F-EEFF73B6F2DB}.Debug|x86.ActiveCfg = Debug|Win32
		{62D26A99-11D6-4356-822F-EEFF73B6F2DB}.Debug|x86.Build.0 = Debug|Win32
		{62D26A99-11D6-4356-822F-EEFF73B6F2DB}.Release|Any CPU.ActiveCfg = Release|Win32
		{62D26A99-11D6-4356-822F-EEFF73B6F2DB}.Release|x64.ActiveCfg = Release|x64
		{62D26A99-11D6-4356-822F-EEFF73B6F2DB}.Release|x64.Build.0 = Release|x64
		{62D26A99-11D6-4356-822F-EEFF73B6F2DB}.Release|x86.ActiveCfg = Release|Win32
		{62D26A99-11D6-4356-822F-EEFF73B6F2DB}.Release|x86.Build.0 = Release|Win32
		{459ADDE2-AED0-4E56-8F5D-1D63649EDF13}.Debug|Any CPU.ActiveCfg = Debug|Win32
		{459ADDE2-AED0-4E56-8F5D-1D63649EDF13}.Debug|x64.ActiveCfg = Debug|x64
		{459ADDE2-AED0-4E56-8F5D-1D63649EDF13}.Debug|x64.Build.0 = Debug|x64
		{459ADDE2-AED0-4E56-8F5D-1D63649EDF13}.Debug|x86.ActiveCfg = Debug|Win32
		{459ADDE2-AED0-4E56-8F5D-1D63649EDF13}.Debug|x86.Build.0 = Debug|Win32
		{459ADDE2-AED0-4E56-8F5D-1D63649EDF13}.Release|Any CPU.ActiveCfg = Release|Win32
		{459ADDE2-AED0-4E56-8F5D-1D63649EDF13}.Release|x64.ActiveCfg = Release|x64
		{459ADDE2-AED0-4E56-8F5D-1D63649EDF13}.Release|x64.Build.0 = Release|x64
		{459ADDE2-AED0-4E56-8F5D-1D63649EDF13}.Release|x86.ActiveCfg = Release|Win32
		{459ADDE2-AED0-4E56-8F5D-1D63649EDF13}.Release|x86.Build.0 = Release|Win32
		{620D1D79-A8F4-4856-9132-E63AE9E1AFDC}.Debug|Any CPU.ActiveCfg = Debug|Win32
		{620D1D79-A8F4-4856-9132-E63AE9E1AFDC}.Debug|x64.ActiveCfg = Debug|x64
		{620D1D79-A8F4-4856-9132-E63AE9E1AFDC}.Debug|x64.Build.0 = Debug|x64
		{620D1D79-A8F4-4856-9132-E63AE9E1AFDC}.Debug|x86.ActiveCfg = Debug|Win32
		{620D1D79-A8F4-4856-9132-E63AE9E1AFDC}.Debug|x86.Build.0 = Debug|Win32
		{620D1D79-A8F4-4856-9132-E63AE9E1AFDC}.Release|Any CPU.ActiveCfg = Release|Win32
		{620D1D79-A8F4-4856-9132-E63AE9E1AFDC}.Release|x64.ActiveCfg = Release|x64
		{620D1D79-A8F4-4856-9132-E63AE9E1AFDC}.Release|x64.Build.0 = Release|x64
		{620D1D79-A8F4-4856-9132-E63AE9E1AFDC}.Release|x86.ActiveCfg = Release|Win32
		{620D1D79-A8F4-4856-9132-E63AE9E1AFDC}.Release|x86.Build.0 = Release|Win32
		{27767569-7B3B-49F5-948D-F3CA86079B4A}.Debug|Any CPU.ActiveCfg = Debug|Win32
		{27767569-7B3B-49F5-948D-F3CA86079B4A}.Debug|x64.ActiveCfg = Debug|x64
		{27767569-7B3B-49F5-948D-F3CA86079B4A}.Debug|x64.Build.0 = Debug|x64
		{27767569-7B3B-49F5-948D-F3CA86079B4A}.Debug|x86.ActiveCfg = Debug|Win32
		{27767569-7B3B-49F5-948D-F3CA86079B4A}.Debug|x86.Build.0 = Debug|Win32
		{27767569-7B3B-49F5-948D-F3CA86079B4A}.Release|Any CPU.ActiveCfg = Release|Win32
		{27767569-7B3B-49F5-948D-F3CA86079B4A}.Release|x64.ActiveCfg = Release|x64
		{27767569-7B3B-49F5-948D-F3CA86079B4A}.Release|x64.Build.0 = Release|x64
		{27767569-7B3B-49F5-948D-F3CA86079B4A}.Release|x86.ActiveCfg = Release|Win32
		{27767569-7B3B-49F5-948D-F3CA86079B4A}.Release|x86.Build.0 = Release|Win32
		{50106FF3-0D97-48A5-BDC8-8AE41D018924}.Debug|Any CPU.ActiveCfg = Debug|Win32
		{50106FF3-0D97-48A5-BDC8-8AE41D018924}.Debug|x64.ActiveCfg = Debug|x64
		{50106FF3-0D97-48A5-BDC8-8AE41D018924}.Debug|x64.Build.0 = Debug|x64
		{50106FF3-0D97-48A5-BDC8-8AE41D018924}.Debug|x86.ActiveCfg = Debug|Win32
		{50106FF3-0D97-48A5-BDC8-8AE41D018924}.Debug|x86.Build.0 = Debug|Win32
		{50106FF3-0D97-48A5-BDC8-8AE41D018924}.Release|Any CPU.ActiveCfg = Release|Win32
		{50106FF3-0D97-48A5-BDC8-8AE41D018924}.Release|x64.ActiveCfg = Release|x64
		{50106FF3-0D97-48A5-BDC8-8AE41D018924}.Release|x64.Build.0 = Release|x64
		{50106FF3-0D97-48A5-BDC8-8AE41D018924}.Release|x86.ActiveCfg = Release|Win32
		{50106FF3-0D97-48A5-BDC8-8AE41D018924}.Release|x86.Build.0 = Release|Win32
		{1A2D8254-0E7E-47FC-AF95-0B1559C50094}.Debug|Any CPU.ActiveCfg = Debug|Win32
		{1A2D8254-0E7E-47FC-AF95-0B1559C50094}.Debug|x64.ActiveCfg = Debug|x64
		{1A2D8254-0E7E-47FC-AF95-0B1559C50094}.Debug|x64.Build.0 = Debug|x64
		{1A2D8254-0E7E-47FC-AF95-0B1559C50094}.Debug|x86.ActiveCfg = Debug|Win32
		{1A2D8254-0E7E-47FC-AF95-0B1559C50094}.Debug|x86.Build.0 = Debug|Win32
		{1A2D8254-0E7E-47FC-AF95-0B1559C50094}.Release|Any CPU.ActiveCfg = Release|Win32
		{1A2D8254-0E7E-47FC-AF95-0B1559C50094}.Release|x64.ActiveCfg = Release|x64
		{1A2D8254-0E7E-47FC-AF95-0B1559C50094}.Release|x64.Build.0 = Release|x64
		{1A2D8254-0E7E-47FC-AF95-0B1559C50094}.Release|x86.ActiveCfg = Release|Win32
		{1A2D8254-0E7E-47FC-AF95-0B1559C50094}.Release|x86.Build.0 = Release|Win32
		{CB16A793-B3BE-40D8-9453-618CCE75FE53}.Debug|Any CPU.ActiveCfg = Debug|Win32
		{CB16A793-B3BE-40D8-9453-618CCE75FE53}.Debug|x64.ActiveCfg = Debug|x64
		{CB16A793-B3BE-40D8-9453-618CCE75FE53}.Debug|x64.Build.0 = Debug|x64
		{CB16A793-B3BE-40D8-9453-618CCE75FE53}.Debug|x86.ActiveCfg = Debug|Win32
		{CB16A793-B3BE-40D8-9453-618CCE75FE53}.Debug|x86.Build.0 = Debug|Win32
		{CB16A793-B3BE-40D8-9453-618CCE75FE53}.Release|Any CPU.ActiveCfg = Release|Win32
		{CB16A793-B3BE-40D8-9453-618CCE75FE53}.Release|x64.ActiveCfg = Release|x64
		{CB16A793-B3BE-40D8-9453-618CCE75FE53}.Release|x64.Build.0 = Release|x64
		{CB16A793-B3BE-40D8-9453-618CCE75FE53}.Release|x86.ActiveCfg = Release|Win32
		{CB16A793-B3BE-40D8-9453-618CCE75FE53}.Release|x86.Build.0 = Release|Win32
		{48C42B71-2BE9-40B8-8173-8AAFC7713194}.Debug|Any CPU.ActiveCfg = Debug|Win32
		{48C42B71-2BE9-40B8-8173-8AAFC7713194}.Debug|x64.ActiveCfg = Debug|x64
		{48C42B71-2BE9-40B8-8173-8AAFC7713194}.Debug|x64.Build.0 = Debug|x64
		{48C42B71-2BE9-40B8-8173-8AAFC7713194}.Debug|x86.ActiveCfg = Debug|Win32
		{48C42B71-2BE9-40B8-8173-8AAFC7713194}.Debug|x86.Build.0 = Debug|Win32
		{48C42B71-2BE9-40B8-8173-8AAFC7713194}.Release|Any CPU.ActiveCfg = Release|Win32
		{48C42B71-2BE9-40B8-8173-8AAFC7713194}.Release|x64.ActiveCfg = Release|x64
		{48C42B71-2BE9-40B8-8173-8AAFC7713194}.Release|x64.Build.0 = Release|x64
		{48C42B71-2BE9-40B8-8173-8AAFC7713194}.Release|x86.ActiveCfg = Release|Win32
		{48C42B71-2BE9-40B8-8173-8AAFC7713194}.Release|x86.Build.0 = Release|Win32
	EndGlobalSection
	GlobalSection(SolutionProperties) = preSolution
		HideSolutionNode = FALSE
	EndGlobalSection
	GlobalSection(NestedProjects) = preSolution
		{7F2FD2C4-E26B-4100-A6D9-05BA1F3C9458} = {150FD0E6-33C0-4732-909E-C860E120941F}
		{F18DA8AF-8F02-400F-B9B3-8740969B64A2} = {150FD0E6-33C0-4732-909E-C860E120941F}
	EndGlobalSection
EndGlobal
